{
  "originHash" : "a0d774955737d097e05bebc5f339cc1bcdb9b57d8a3aa4bb278bf816780980ef",
  "pins" : [
    {
      "identity" : "confettiswiftui",
      "kind" : "remoteSourceControl",
      "location" : "https://github.com/simibac/ConfettiSwiftUI",
      "state" : {
        "revision" : "8d3a15d0aa2991e0761749b767ef8d89bca6275a",
        "version" : "1.0.1"
      }
    },
    {
      "identity" : "crookedtext",
      "kind" : "remoteSourceControl",
      "location" : "https://github.com/duemunk/CrookedText",
      "state" : {
        "revision" : "70ae8691bdfb62698571e69bd855acf4030795ea",
        "version" : "0.0.1"
      }
    },
    {
      "identity" : "lottie-ios",
      "kind" : "remoteSourceControl",
      "location" : "https://github.com/airbnb/lottie-ios.git",
      "state" : {
        "revision" : "f4db77d7feacba0c2360b84a40c38a6ce8ff399d",
        "version" : "4.6.1"
      }
    }
  ],
  "version" : 3
}
