// !$*UTF8*$!
{
	archiveVersion = 1;
	classes = {
	};
	objectVersion = 55;
	objects = {

/* Begin PBXBuildFile section */
		5321E1DC291FE02C00D5A931 /* CategoryCreationErrors.swift in Sources */ = {isa = PBXBuildFile; fileRef = 5321E1DB291FE02B00D5A931 /* CategoryCreationErrors.swift */; };
		5327D287287C697400F76ADF /* Sa7totApp.swift in Sources */ = {isa = PBXBuildFile; fileRef = 5327D286287C697400F76ADF /* Sa7totApp.swift */; };
		5327D28E287C697C00F76ADF /* Preview Assets.xcassets in Resources */ = {isa = PBXBuildFile; fileRef = 5327D28D287C697C00F76ADF /* Preview Assets.xcassets */; };
		5327D295287C698900F76ADF /* Assets.xcassets in Resources */ = {isa = PBXBuildFile; fileRef = 5327D294287C698900F76ADF /* Assets.xcassets */; };
		5327D2B6287C6AFB00F76ADF /* Authentication.swift in Sources */ = {isa = PBXBuildFile; fileRef = 5327D2AF287C6AFB00F76ADF /* Authentication.swift */; };
		5327D2B7287C6AFB00F76ADF /* KeyboardHeightHelper.swift in Sources */ = {isa = PBXBuildFile; fileRef = 5327D2B0287C6AFB00F76ADF /* KeyboardHeightHelper.swift */; };
		5327D2B9287C6AFB00F76ADF /* EmailExtensions.swift in Sources */ = {isa = PBXBuildFile; fileRef = 5327D2B2287C6AFB00F76ADF /* EmailExtensions.swift */; };
		5327D2BA287C6AFB00F76ADF /* ViewExtension.swift in Sources */ = {isa = PBXBuildFile; fileRef = 5327D2B3287C6AFB00F76ADF /* ViewExtension.swift */; };
		5327D2BB287C6AFB00F76ADF /* StringExtension.swift in Sources */ = {isa = PBXBuildFile; fileRef = 5327D2B4287C6AFB00F76ADF /* StringExtension.swift */; };
		5327D2BC287C6AFB00F76ADF /* Color.swift in Sources */ = {isa = PBXBuildFile; fileRef = 5327D2B5287C6AFB00F76ADF /* Color.swift */; };
		D70000000000000000000030 /* NotificationSupport.swift in Sources */ = {isa = PBXBuildFile; fileRef = C70000000000000000000030 /* NotificationSupport.swift */; };
		D70000000000000000000031 /* RemoteMovimentiSupport.swift in Sources */ = {isa = PBXBuildFile; fileRef = C70000000000000000000031 /* RemoteMovimentiSupport.swift */; };
		D70000000000000000000032 /* BackgroundBlurView.swift in Sources */ = {isa = PBXBuildFile; fileRef = C70000000000000000000032 /* BackgroundBlurView.swift */; };
		D70000000000000000000033 /* CalendarSettingsSupport.swift in Sources */ = {isa = PBXBuildFile; fileRef = C70000000000000000000033 /* CalendarSettingsSupport.swift */; };
		5327D2C4287C6B2500F76ADF /* TimeFrame.swift in Sources */ = {isa = PBXBuildFile; fileRef = 5327D2BE287C6B2500F76ADF /* TimeFrame.swift */; };
		5327D2C6287C6B2500F76ADF /* BudgetTimeFrame.swift in Sources */ = {isa = PBXBuildFile; fileRef = 5327D2C0287C6B2500F76ADF /* BudgetTimeFrame.swift */; };
		5327D2C7287C6B2500F76ADF /* FilterType.swift in Sources */ = {isa = PBXBuildFile; fileRef = 5327D2C1287C6B2500F76ADF /* FilterType.swift */; };
		5327D2C9287C6B2500F76ADF /* SupportEmail.swift in Sources */ = {isa = PBXBuildFile; fileRef = 5327D2C3287C6B2500F76ADF /* SupportEmail.swift */; };
		5327D2CB287C6B4700F76ADF /* ContentView.swift in Sources */ = {isa = PBXBuildFile; fileRef = 5327D2CA287C6B4700F76ADF /* ContentView.swift */; };
		5327D2D8287C6B5F00F76ADF /* SettingsView.swift in Sources */ = {isa = PBXBuildFile; fileRef = 5327D2CF287C6B5E00F76ADF /* SettingsView.swift */; };
		5327D2D9287C6B5F00F76ADF /* HomeView.swift in Sources */ = {isa = PBXBuildFile; fileRef = 5327D2D0287C6B5E00F76ADF /* HomeView.swift */; };
		5327D2DA287C6B5F00F76ADF /* TestView.swift in Sources */ = {isa = PBXBuildFile; fileRef = 5327D2D1287C6B5E00F76ADF /* TestView.swift */; };
		5327D2E0287C6B7D00F76ADF /* DeviceModels.json in Resources */ = {isa = PBXBuildFile; fileRef = 5327D2DF287C6B7C00F76ADF /* DeviceModels.json */; };
		5327D2E6287C6CC300F76ADF /* Popovers in Frameworks */ = {isa = PBXBuildFile; productRef = 5327D2E5287C6CC300F76ADF /* Popovers */; };
		533182D328A0D61D00DEBFA3 /* Assets.xcassets in Resources */ = {isa = PBXBuildFile; fileRef = 5327D294287C698900F76ADF /* Assets.xcassets */; };
		533A38F42AA49E5900F66957 /* Alamofire in Frameworks */ = {isa = PBXBuildFile; productRef = 533A38F32AA49E5900F66957 /* Alamofire */; };
		533D1C3C2AE7BB6900894764 /* DynamicType.swift in Sources */ = {isa = PBXBuildFile; fileRef = 533D1C3B2AE7BB6900894764 /* DynamicType.swift */; };
		533D1C3E2AE8023B00894764 /* PencilShape.swift in Sources */ = {isa = PBXBuildFile; fileRef = 533D1C3D2AE8023B00894764 /* PencilShape.swift */; };
		534973D628CB5A75000201F9 /* URLExtension.swift in Sources */ = {isa = PBXBuildFile; fileRef = 534973D528CB5A75000201F9 /* URLExtension.swift */; };
		5358E9172AC86DA1003E8CA9 /* SingleTransactionPhotoView.swift in Sources */ = {isa = PBXBuildFile; fileRef = 5358E9162AC86DA1003E8CA9 /* SingleTransactionPhotoView.swift */; };
		536715ED28E1E9A3008461F2 /* StoreKit.framework in Frameworks */ = {isa = PBXBuildFile; fileRef = 536715EC28E1E9A3008461F2 /* StoreKit.framework */; };
		536A2A152A59C47400D81E02 /* Wiggle.swift in Sources */ = {isa = PBXBuildFile; fileRef = 536A2A142A59C47400D81E02 /* Wiggle.swift */; };
		536A2A172A5A7C5D00D81E02 /* OffsetHelper.swift in Sources */ = {isa = PBXBuildFile; fileRef = 536A2A162A5A7C5D00D81E02 /* OffsetHelper.swift */; };
		536CC386293106180081E401 /* LineGraph.swift in Sources */ = {isa = PBXBuildFile; fileRef = 536CC385293106180081E401 /* LineGraph.swift */; };
		53756F632AC3C25E0065D0C2 /* sample.csv in Resources */ = {isa = PBXBuildFile; fileRef = 53756F622AC3C25E0065D0C2 /* sample.csv */; };
		538A32AA2A505AC6008AEF8C /* BottomSheet.swift in Sources */ = {isa = PBXBuildFile; fileRef = 538A32A92A505AC6008AEF8C /* BottomSheet.swift */; };
		538D10752A5AB7E7008F1AFB /* IsScrolling in Frameworks */ = {isa = PBXBuildFile; productRef = 538D10742A5AB7E7008F1AFB /* IsScrolling */; };
		53A32B3828AB6C6400628905 /* Line.swift in Sources */ = {isa = PBXBuildFile; fileRef = 53A32B3728AB6C6400628905 /* Line.swift */; };
		53A4147928B6625D008C30E7 /* AppDelegate.swift in Sources */ = {isa = PBXBuildFile; fileRef = 53A4147828B6625D008C30E7 /* AppDelegate.swift */; };
		53A4147B28B66265008C30E7 /* SceneDelegate.swift in Sources */ = {isa = PBXBuildFile; fileRef = 53A4147A28B66265008C30E7 /* SceneDelegate.swift */; };
		53A4147D28B7C70D008C30E7 /* AppVersion.swift in Sources */ = {isa = PBXBuildFile; fileRef = 53A4147C28B7C70D008C30E7 /* AppVersion.swift */; };
		53A4148028B7DA4C008C30E7 /* ConfettiSwiftUI in Frameworks */ = {isa = PBXBuildFile; productRef = 53A4147F28B7DA4C008C30E7 /* ConfettiSwiftUI */; };
		53A839BA28D33840006F227C /* UnlockManager.swift in Sources */ = {isa = PBXBuildFile; fileRef = 53A839B928D33840006F227C /* UnlockManager.swift */; };
		53A839BD28D35738006F227C /* SKProduct-LocalizedPrice.swift in Sources */ = {isa = PBXBuildFile; fileRef = 53A839BC28D35738006F227C /* SKProduct-LocalizedPrice.swift */; };
		53B1D1A5289383B100E28062 /* FontExtension.swift in Sources */ = {isa = PBXBuildFile; fileRef = 53B1D1A4289383B100E28062 /* FontExtension.swift */; };
		53B1D1A8289A60D500E28062 /* CrookedText in Frameworks */ = {isa = PBXBuildFile; productRef = 53B1D1A7289A60D500E28062 /* CrookedText */; };
		53B907992AE817EA0001F496 /* DonutSemicircle.swift in Sources */ = {isa = PBXBuildFile; fileRef = 53B907982AE817EA0001F496 /* DonutSemicircle.swift */; };
		53B9079B2AE818710001F496 /* RoundedTriangle.swift in Sources */ = {isa = PBXBuildFile; fileRef = 53B9079A2AE818710001F496 /* RoundedTriangle.swift */; };
		53B9079D2AE818A00001F496 /* CustomCapsule.swift in Sources */ = {isa = PBXBuildFile; fileRef = 53B9079C2AE818A00001F496 /* CustomCapsule.swift */; };
		53B9079F2AE818B90001F496 /* Ring.swift in Sources */ = {isa = PBXBuildFile; fileRef = 53B9079E2AE818B90001F496 /* Ring.swift */; };
		53D0298028C5BC0300443F2B /* Currency.swift in Sources */ = {isa = PBXBuildFile; fileRef = 53D0297F28C5BC0300443F2B /* Currency.swift */; };
		53D40B652AB1B2DB001D3866 /* UpdateSheet.swift in Sources */ = {isa = PBXBuildFile; fileRef = 53D40B642AB1B2DB001D3866 /* UpdateSheet.swift */; };
		53D6BDC12AF6648300F5728E /* AlertButtons.swift in Sources */ = {isa = PBXBuildFile; fileRef = 53D6BDC02AF6648300F5728E /* AlertButtons.swift */; };
		53D6BDC52AF6B32C00F5728E /* StepperButtons.swift in Sources */ = {isa = PBXBuildFile; fileRef = 53D6BDC42AF6B32C00F5728E /* StepperButtons.swift */; };
		7A7E1A042026080300000001 /* CategoryIconPresentation.swift in Sources */ = {isa = PBXBuildFile; fileRef = 7A7E1A032026080300000001 /* CategoryIconPresentation.swift */; };
		D70000000000000000000029 /* CategoryIconDescriptor.swift in Sources */ = {isa = PBXBuildFile; fileRef = C70000000000000000000029 /* CategoryIconDescriptor.swift */; };
		E70000000000000000000027 /* CategoryIconDescriptor.swift in Sources */ = {isa = PBXBuildFile; fileRef = C70000000000000000000029 /* CategoryIconDescriptor.swift */; };
		7A7E1A072026080300000001 /* NativeTransactionContextMenuRow.swift in Sources */ = {isa = PBXBuildFile; fileRef = 7A7E1A062026080300000001 /* NativeTransactionContextMenuRow.swift */; };
		8C6E7A1B2A00000100000001 /* BudgetAmountSupport.swift in Sources */ = {isa = PBXBuildFile; fileRef = 8C6E7A1A2A00000100000001 /* BudgetAmountSupport.swift */; };
		8C6E7A1C2A00000100000001 /* BudgetAmountSupport.swift in Sources */ = {isa = PBXBuildFile; fileRef = 8C6E7A1A2A00000100000001 /* BudgetAmountSupport.swift */; };
		904C774A3025CAEB004209AE /* CategoryIconPresentation.swift in Sources */ = {isa = PBXBuildFile; fileRef = 7A7E1A032026080300000001 /* CategoryIconPresentation.swift */; };
		A7B000000000000000000007 /* SubscriptionServiceCatalog.swift in Sources */ = {isa = PBXBuildFile; fileRef = A7B000000000000000000008 /* SubscriptionServiceCatalog.swift */; };
		A7B000000000000000000009 /* SubscriptionLogoProvider.swift in Sources */ = {isa = PBXBuildFile; fileRef = A7B000000000000000000010 /* SubscriptionLogoProvider.swift */; };
		A7B000000000000000000011 /* SubscriptionServiceCatalog.swift in Sources */ = {isa = PBXBuildFile; fileRef = A7B000000000000000000008 /* SubscriptionServiceCatalog.swift */; };
		A7B000000000000000000012 /* SubscriptionLogoProvider.swift in Sources */ = {isa = PBXBuildFile; fileRef = A7B000000000000000000010 /* SubscriptionLogoProvider.swift */; };
		A7B000000000000000000013 /* SubscriptionCatalogTests.swift in Sources */ = {isa = PBXBuildFile; fileRef = A7B000000000000000000014 /* SubscriptionCatalogTests.swift */; };
		A7B000000000000000000018 /* SubscriptionLogoMetadata.swift in Sources */ = {isa = PBXBuildFile; fileRef = A7B000000000000000000015 /* SubscriptionLogoMetadata.swift */; };
		A7B000000000000000000019 /* SubscriptionLogoMetadata.swift in Sources */ = {isa = PBXBuildFile; fileRef = A7B000000000000000000015 /* SubscriptionLogoMetadata.swift */; };
		A7B000000000000000000020 /* SubscriptionCreationSupport.swift in Sources */ = {isa = PBXBuildFile; fileRef = A7B000000000000000000021 /* SubscriptionCreationSupport.swift */; };
		A7B000000000000000000022 /* SubscriptionServicePickerView.swift in Sources */ = {isa = PBXBuildFile; fileRef = A7B000000000000000000023 /* SubscriptionServicePickerView.swift */; };
		B7A000000000000000000001 /* SubscriptionManagerView.swift in Sources */ = {isa = PBXBuildFile; fileRef = B7A000000000000000000002 /* SubscriptionManagerView.swift */; };
		B7A000000000000000000003 /* MainTabConfiguration.swift in Sources */ = {isa = PBXBuildFile; fileRef = B7A000000000000000000004 /* MainTabConfiguration.swift */; };
		B7A000000000000000000005 /* MainTabConfiguration.swift in Sources */ = {isa = PBXBuildFile; fileRef = B7A000000000000000000004 /* MainTabConfiguration.swift */; };
		A7B000000000000000000024 /* SubscriptionCreationSupport.swift in Sources */ = {isa = PBXBuildFile; fileRef = A7B000000000000000000021 /* SubscriptionCreationSupport.swift */; };
		AEADEF6F2AE94DA3006EB614 /* Toast.swift in Sources */ = {isa = PBXBuildFile; fileRef = AEADEF6E2AE94DA3006EB614 /* Toast.swift */; };
		AEADEF712AE94DA8006EB614 /* BackButton.swift in Sources */ = {isa = PBXBuildFile; fileRef = AEADEF702AE94DA8006EB614 /* BackButton.swift */; };
		AEADEF742AE94DC3006EB614 /* ToolbarButton.swift in Sources */ = {isa = PBXBuildFile; fileRef = AEADEF722AE94DC3006EB614 /* ToolbarButton.swift */; };
		AEADEF752AE94DC3006EB614 /* Toolbar.swift in Sources */ = {isa = PBXBuildFile; fileRef = AEADEF732AE94DC3006EB614 /* Toolbar.swift */; };
		AECE7F9E2AED1A6800B57267 /* SuggestedTransactions.swift in Sources */ = {isa = PBXBuildFile; fileRef = AECE7F9D2AED1A6800B57267 /* SuggestedTransactions.swift */; };
		D63B20592D8728C300CAFB20 /* Localizable.xcstrings in Resources */ = {isa = PBXBuildFile; fileRef = D63B20572D8728C300CAFB20 /* Localizable.xcstrings */; };
		D63B205A2D8728C300CAFB20 /* InfoPlist.xcstrings in Resources */ = {isa = PBXBuildFile; fileRef = D63B20582D8728C300CAFB20 /* InfoPlist.xcstrings */; };
		D63B205C2D8728C300CAFB20 /* AppLocalization.swift in Sources */ = {isa = PBXBuildFile; fileRef = D63B205B2D8728C300CAFB20 /* AppLocalization.swift */; };
		E70000000000000000000028 /* AppLocalization.swift in Sources */ = {isa = PBXBuildFile; fileRef = D63B205B2D8728C300CAFB20 /* AppLocalization.swift */; };
		D6A4DE202D61744400F7F751 /* SwiftUIIntrospect in Frameworks */ = {isa = PBXBuildFile; productRef = D6A4DE1F2D61744400F7F751 /* SwiftUIIntrospect */; };
		D6A4DE242D61744400F7F751 /* SwiftUIIntrospect-Static in Frameworks */ = {isa = PBXBuildFile; productRef = D6A4DE232D61744400F7F751 /* SwiftUIIntrospect-Static */; };
		F00300010000000000000001 /* ClashDisplay-Bold.otf in Resources */ = {isa = PBXBuildFile; fileRef = F00300040000000000000001 /* ClashDisplay-Bold.otf */; };
		F00300020000000000000001 /* FFL-ClashDisplay.txt in Resources */ = {isa = PBXBuildFile; fileRef = F00300050000000000000001 /* FFL-ClashDisplay.txt */; };
		F00300090000000000000001 /* Lottie in Frameworks */ = {isa = PBXBuildFile; productRef = F00300080000000000000001 /* Lottie */; };
		F003000A0000000000000001 /* LoginView.swift in Sources */ = {isa = PBXBuildFile; fileRef = F00300070000000000000001 /* LoginView.swift */; };
		F003000B0000000000000001 /* Wallet.json in Resources */ = {isa = PBXBuildFile; fileRef = F00300060000000000000001 /* Wallet.json */; };
		A10000010000000000000001 /* AppToast.swift in Sources */ = {isa = PBXBuildFile; fileRef = A10000100000000000000001 /* AppToast.swift */; };
		A10000020000000000000001 /* AppToastCoordinator.swift in Sources */ = {isa = PBXBuildFile; fileRef = A10000110000000000000001 /* AppToastCoordinator.swift */; };
		A10000030000000000000001 /* AppToastView.swift in Sources */ = {isa = PBXBuildFile; fileRef = A10000120000000000000001 /* AppToastView.swift */; };
		A10000040000000000000001 /* AppToastTests.swift in Sources */ = {isa = PBXBuildFile; fileRef = A10000130000000000000001 /* AppToastTests.swift */; };
		D70000000000000000000001 /* APIConfiguration.swift in Sources */ = {isa = PBXBuildFile; fileRef = C70000000000000000000001 /* APIConfiguration.swift */; };
		D70000000000000000000002 /* APIError.swift in Sources */ = {isa = PBXBuildFile; fileRef = C70000000000000000000002 /* APIError.swift */; };
		D70000000000000000000003 /* APIRequest.swift in Sources */ = {isa = PBXBuildFile; fileRef = C70000000000000000000003 /* APIRequest.swift */; };
		D70000000000000000000004 /* APIClient.swift in Sources */ = {isa = PBXBuildFile; fileRef = C70000000000000000000004 /* APIClient.swift */; };
		D70000000000000000000005 /* AuthTokenProvider.swift in Sources */ = {isa = PBXBuildFile; fileRef = C70000000000000000000005 /* AuthTokenProvider.swift */; };
		D70000000000000000000006 /* RemoteValueTypes.swift in Sources */ = {isa = PBXBuildFile; fileRef = C70000000000000000000006 /* RemoteValueTypes.swift */; };
		D70000000000000000000007 /* AccountDTO.swift in Sources */ = {isa = PBXBuildFile; fileRef = C70000000000000000000007 /* AccountDTO.swift */; };
		D70000000000000000000008 /* CategoryDTO.swift in Sources */ = {isa = PBXBuildFile; fileRef = C70000000000000000000008 /* CategoryDTO.swift */; };
		D70000000000000000000009 /* SubscriptionDTO.swift in Sources */ = {isa = PBXBuildFile; fileRef = C70000000000000000000009 /* SubscriptionDTO.swift */; };
		D7000000000000000000000A /* TransactionDTO.swift in Sources */ = {isa = PBXBuildFile; fileRef = C7000000000000000000000A /* TransactionDTO.swift */; };
		D7000000000000000000000B /* MovementDTO.swift in Sources */ = {isa = PBXBuildFile; fileRef = C7000000000000000000000B /* MovementDTO.swift */; };
		D7000000000000000000000C /* BootstrapDTO.swift in Sources */ = {isa = PBXBuildFile; fileRef = C7000000000000000000000C /* BootstrapDTO.swift */; };
		D7000000000000000000000D /* BootstrapRepository.swift in Sources */ = {isa = PBXBuildFile; fileRef = C7000000000000000000000D /* BootstrapRepository.swift */; };
		D7000000000000000000000E /* AccountsRepository.swift in Sources */ = {isa = PBXBuildFile; fileRef = C7000000000000000000000E /* AccountsRepository.swift */; };
		D7000000000000000000000F /* MovimentiRepository.swift in Sources */ = {isa = PBXBuildFile; fileRef = C7000000000000000000000F /* MovimentiRepository.swift */; };
		D70000000000000000000010 /* HealthRepository.swift in Sources */ = {isa = PBXBuildFile; fileRef = C70000000000000000000010 /* HealthRepository.swift */; };
		E70000000000000000000001 /* APIConfiguration.swift in Sources */ = {isa = PBXBuildFile; fileRef = C70000000000000000000001 /* APIConfiguration.swift */; };
		E70000000000000000000002 /* APIError.swift in Sources */ = {isa = PBXBuildFile; fileRef = C70000000000000000000002 /* APIError.swift */; };
		E70000000000000000000003 /* APIRequest.swift in Sources */ = {isa = PBXBuildFile; fileRef = C70000000000000000000003 /* APIRequest.swift */; };
		E70000000000000000000004 /* APIClient.swift in Sources */ = {isa = PBXBuildFile; fileRef = C70000000000000000000004 /* APIClient.swift */; };
		E70000000000000000000005 /* AuthTokenProvider.swift in Sources */ = {isa = PBXBuildFile; fileRef = C70000000000000000000005 /* AuthTokenProvider.swift */; };
		E70000000000000000000006 /* RemoteValueTypes.swift in Sources */ = {isa = PBXBuildFile; fileRef = C70000000000000000000006 /* RemoteValueTypes.swift */; };
		E70000000000000000000007 /* AccountDTO.swift in Sources */ = {isa = PBXBuildFile; fileRef = C70000000000000000000007 /* AccountDTO.swift */; };
		E70000000000000000000008 /* CategoryDTO.swift in Sources */ = {isa = PBXBuildFile; fileRef = C70000000000000000000008 /* CategoryDTO.swift */; };
		E70000000000000000000009 /* SubscriptionDTO.swift in Sources */ = {isa = PBXBuildFile; fileRef = C70000000000000000000009 /* SubscriptionDTO.swift */; };
		E7000000000000000000000A /* TransactionDTO.swift in Sources */ = {isa = PBXBuildFile; fileRef = C7000000000000000000000A /* TransactionDTO.swift */; };
		E7000000000000000000000B /* MovementDTO.swift in Sources */ = {isa = PBXBuildFile; fileRef = C7000000000000000000000B /* MovementDTO.swift */; };
		E7000000000000000000000C /* BootstrapDTO.swift in Sources */ = {isa = PBXBuildFile; fileRef = C7000000000000000000000C /* BootstrapDTO.swift */; };
		E7000000000000000000000D /* BootstrapRepository.swift in Sources */ = {isa = PBXBuildFile; fileRef = C7000000000000000000000D /* BootstrapRepository.swift */; };
		E7000000000000000000000E /* AccountsRepository.swift in Sources */ = {isa = PBXBuildFile; fileRef = C7000000000000000000000E /* AccountsRepository.swift */; };
		E7000000000000000000000F /* MovimentiRepository.swift in Sources */ = {isa = PBXBuildFile; fileRef = C7000000000000000000000F /* MovimentiRepository.swift */; };
		E70000000000000000000010 /* HealthRepository.swift in Sources */ = {isa = PBXBuildFile; fileRef = C70000000000000000000010 /* HealthRepository.swift */; };
		E70000000000000000000011 /* RemoteAPIClientTests.swift in Sources */ = {isa = PBXBuildFile; fileRef = C70000000000000000000011 /* RemoteAPIClientTests.swift */; };
		E70000000000000000000012 /* RemoteDTOTests.swift in Sources */ = {isa = PBXBuildFile; fileRef = C70000000000000000000012 /* RemoteDTOTests.swift */; };
		E70000000000000000000013 /* RemoteValueAndConfigurationTests.swift in Sources */ = {isa = PBXBuildFile; fileRef = C70000000000000000000013 /* RemoteValueAndConfigurationTests.swift */; };
		D70000000000000000000011 /* SupabaseAuthConfiguration.swift in Sources */ = {isa = PBXBuildFile; fileRef = C70000000000000000000014 /* SupabaseAuthConfiguration.swift */; };
		D70000000000000000000012 /* AppleNonce.swift in Sources */ = {isa = PBXBuildFile; fileRef = C70000000000000000000015 /* AppleNonce.swift */; };
		D70000000000000000000013 /* SupabaseAuthModels.swift in Sources */ = {isa = PBXBuildFile; fileRef = C70000000000000000000016 /* SupabaseAuthModels.swift */; };
		D70000000000000000000014 /* SupabaseSessionStore.swift in Sources */ = {isa = PBXBuildFile; fileRef = C70000000000000000000017 /* SupabaseSessionStore.swift */; };
		D70000000000000000000015 /* SupabaseAuthClient.swift in Sources */ = {isa = PBXBuildFile; fileRef = C70000000000000000000018 /* SupabaseAuthClient.swift */; };
		D70000000000000000000016 /* SupabaseAuthSessionCoordinator.swift in Sources */ = {isa = PBXBuildFile; fileRef = C70000000000000000000019 /* SupabaseAuthSessionCoordinator.swift */; };
		D70000000000000000000017 /* SupabaseAuthService.swift in Sources */ = {isa = PBXBuildFile; fileRef = C7000000000000000000001A /* SupabaseAuthService.swift */; };
		D70000000000000000000018 /* AppleAuthorizationCredentialBuilder.swift in Sources */ = {isa = PBXBuildFile; fileRef = C7000000000000000000001B /* AppleAuthorizationCredentialBuilder.swift */; };
		D70000000000000000000019 /* AuthRootView.swift in Sources */ = {isa = PBXBuildFile; fileRef = C7000000000000000000001C /* AuthRootView.swift */; };
		D70000000000000000000020 /* FinancialRemoteStore.swift in Sources */ = {isa = PBXBuildFile; fileRef = C70000000000000000000020 /* FinancialRemoteStore.swift */; };
		D70000000000000000000021 /* CategoriesRepository.swift in Sources */ = {isa = PBXBuildFile; fileRef = C70000000000000000000021 /* CategoriesRepository.swift */; };
		D70000000000000000000022 /* TransactionsRepository.swift in Sources */ = {isa = PBXBuildFile; fileRef = C70000000000000000000022 /* TransactionsRepository.swift */; };
		D70000000000000000000023 /* RemoteFinancialViews.swift in Sources */ = {isa = PBXBuildFile; fileRef = C70000000000000000000023 /* RemoteFinancialViews.swift */; };
		D70000000000000000000024 /* SubscriptionsRepository.swift in Sources */ = {isa = PBXBuildFile; fileRef = C70000000000000000000024 /* SubscriptionsRepository.swift */; };
		D70000000000000000000025 /* RemoteSubscriptionSupport.swift in Sources */ = {isa = PBXBuildFile; fileRef = C70000000000000000000025 /* RemoteSubscriptionSupport.swift */; };
		D70000000000000000000026 /* RemoteSubscriptionCreationSupport.swift in Sources */ = {isa = PBXBuildFile; fileRef = C70000000000000000000026 /* RemoteSubscriptionCreationSupport.swift */; };
		D70000000000000000000027 /* RemoteBudgetView.swift in Sources */ = {isa = PBXBuildFile; fileRef = C70000000000000000000027 /* RemoteBudgetView.swift */; };
		D70000000000000000000028 /* RemoteBudgetEditor.swift in Sources */ = {isa = PBXBuildFile; fileRef = C70000000000000000000028 /* RemoteBudgetEditor.swift */; };
		E70000000000000000000020 /* CategoriesRepository.swift in Sources */ = {isa = PBXBuildFile; fileRef = C70000000000000000000021 /* CategoriesRepository.swift */; };
		E70000000000000000000021 /* TransactionsRepository.swift in Sources */ = {isa = PBXBuildFile; fileRef = C70000000000000000000022 /* TransactionsRepository.swift */; };
		E70000000000000000000025 /* RemoteSubscriptionSupport.swift in Sources */ = {isa = PBXBuildFile; fileRef = C70000000000000000000025 /* RemoteSubscriptionSupport.swift */; };
		E70000000000000000000026 /* RemoteSubscriptionCreationSupport.swift in Sources */ = {isa = PBXBuildFile; fileRef = C70000000000000000000026 /* RemoteSubscriptionCreationSupport.swift */; };
		F70000000000000000000001 /* SupabaseAuthConfiguration.swift in Sources */ = {isa = PBXBuildFile; fileRef = C70000000000000000000014 /* SupabaseAuthConfiguration.swift */; };
		F70000000000000000000002 /* AppleNonce.swift in Sources */ = {isa = PBXBuildFile; fileRef = C70000000000000000000015 /* AppleNonce.swift */; };
		F70000000000000000000003 /* SupabaseAuthModels.swift in Sources */ = {isa = PBXBuildFile; fileRef = C70000000000000000000016 /* SupabaseAuthModels.swift */; };
		F70000000000000000000004 /* SupabaseSessionStore.swift in Sources */ = {isa = PBXBuildFile; fileRef = C70000000000000000000017 /* SupabaseSessionStore.swift */; };
		F70000000000000000000005 /* SupabaseAuthClient.swift in Sources */ = {isa = PBXBuildFile; fileRef = C70000000000000000000018 /* SupabaseAuthClient.swift */; };
		F70000000000000000000006 /* SupabaseAuthSessionCoordinator.swift in Sources */ = {isa = PBXBuildFile; fileRef = C70000000000000000000019 /* SupabaseAuthSessionCoordinator.swift */; };
		F70000000000000000000007 /* SupabaseAuthService.swift in Sources */ = {isa = PBXBuildFile; fileRef = C7000000000000000000001A /* SupabaseAuthService.swift */; };
		F70000000000000000000008 /* AppleAuthorizationCredentialBuilder.swift in Sources */ = {isa = PBXBuildFile; fileRef = C7000000000000000000001B /* AppleAuthorizationCredentialBuilder.swift */; };
		F70000000000000000000009 /* AuthRootView.swift in Sources */ = {isa = PBXBuildFile; fileRef = C7000000000000000000001C /* AuthRootView.swift */; };
		F7000000000000000000000A /* SupabaseAuthTests.swift in Sources */ = {isa = PBXBuildFile; fileRef = C7000000000000000000001D /* SupabaseAuthTests.swift */; };
/* End PBXBuildFile section */

/* Begin PBXCopyFilesBuildPhase section */
		D6A4DE1B2D6153C200F7F751 /* Embed Frameworks */ = {
			isa = PBXCopyFilesBuildPhase;
			buildActionMask = 2147483647;
			dstPath = "";
			dstSubfolderSpec = 10;
			files = (
			);
			name = "Embed Frameworks";
			runOnlyForDeploymentPostprocessing = 0;
		};
/* End PBXCopyFilesBuildPhase section */

/* Begin PBXFileReference section */
		5313EC6128ACE941000EAB0C /* Info.plist */ = {isa = PBXFileReference; lastKnownFileType = text.plist.xml; path = Info.plist; sourceTree = "<group>"; };
		5313EC6F28ACE941000EAB0C /* Info.plist */ = {isa = PBXFileReference; lastKnownFileType = text.plist.xml; path = Info.plist; sourceTree = "<group>"; };
		5321E1DB291FE02B00D5A931 /* CategoryCreationErrors.swift */ = {isa = PBXFileReference; lastKnownFileType = sourcecode.swift; path = CategoryCreationErrors.swift; sourceTree = "<group>"; };
		5327D283287C697400F76ADF /* Sa7tot.app */ = {isa = PBXFileReference; explicitFileType = wrapper.application; includeInIndex = 0; path = Sa7tot.app; sourceTree = BUILT_PRODUCTS_DIR; };
		5327D286287C697400F76ADF /* Sa7totApp.swift */ = {isa = PBXFileReference; lastKnownFileType = sourcecode.swift; path = Sa7totApp.swift; sourceTree = "<group>"; };
		5327D28D287C697C00F76ADF /* Preview Assets.xcassets */ = {isa = PBXFileReference; lastKnownFileType = folder.assetcatalog; path = "Preview Assets.xcassets"; sourceTree = "<group>"; };
		5327D294287C698900F76ADF /* Assets.xcassets */ = {isa = PBXFileReference; lastKnownFileType = folder.assetcatalog; path = Assets.xcassets; sourceTree = "<group>"; };
		5327D2AF287C6AFB00F76ADF /* Authentication.swift */ = {isa = PBXFileReference; fileEncoding = 4; lastKnownFileType = sourcecode.swift; path = Authentication.swift; sourceTree = "<group>"; };
		5327D2B0287C6AFB00F76ADF /* KeyboardHeightHelper.swift */ = {isa = PBXFileReference; fileEncoding = 4; lastKnownFileType = sourcecode.swift; path = KeyboardHeightHelper.swift; sourceTree = "<group>"; };
		5327D2B2287C6AFB00F76ADF /* EmailExtensions.swift */ = {isa = PBXFileReference; fileEncoding = 4; lastKnownFileType = sourcecode.swift; path = EmailExtensions.swift; sourceTree = "<group>"; };
		5327D2B3287C6AFB00F76ADF /* ViewExtension.swift */ = {isa = PBXFileReference; fileEncoding = 4; lastKnownFileType = sourcecode.swift; path = ViewExtension.swift; sourceTree = "<group>"; };
		5327D2B4287C6AFB00F76ADF /* StringExtension.swift */ = {isa = PBXFileReference; fileEncoding = 4; lastKnownFileType = sourcecode.swift; path = StringExtension.swift; sourceTree = "<group>"; };
		5327D2B5287C6AFB00F76ADF /* Color.swift */ = {isa = PBXFileReference; fileEncoding = 4; lastKnownFileType = sourcecode.swift; path = Color.swift; sourceTree = "<group>"; };
		5327D2BE287C6B2500F76ADF /* TimeFrame.swift */ = {isa = PBXFileReference; fileEncoding = 4; lastKnownFileType = sourcecode.swift; path = TimeFrame.swift; sourceTree = "<group>"; };
		5327D2C0287C6B2500F76ADF /* BudgetTimeFrame.swift */ = {isa = PBXFileReference; fileEncoding = 4; lastKnownFileType = sourcecode.swift; path = BudgetTimeFrame.swift; sourceTree = "<group>"; };
		5327D2C1287C6B2500F76ADF /* FilterType.swift */ = {isa = PBXFileReference; fileEncoding = 4; lastKnownFileType = sourcecode.swift; path = FilterType.swift; sourceTree = "<group>"; };
		5327D2C3287C6B2500F76ADF /* SupportEmail.swift */ = {isa = PBXFileReference; fileEncoding = 4; lastKnownFileType = sourcecode.swift; path = SupportEmail.swift; sourceTree = "<group>"; };
		5327D2CA287C6B4700F76ADF /* ContentView.swift */ = {isa = PBXFileReference; fileEncoding = 4; lastKnownFileType = sourcecode.swift; path = ContentView.swift; sourceTree = "<group>"; };
		5327D2CF287C6B5E00F76ADF /* SettingsView.swift */ = {isa = PBXFileReference; fileEncoding = 4; lastKnownFileType = sourcecode.swift; path = SettingsView.swift; sourceTree = "<group>"; };
		5327D2D0287C6B5E00F76ADF /* HomeView.swift */ = {isa = PBXFileReference; fileEncoding = 4; lastKnownFileType = sourcecode.swift; path = HomeView.swift; sourceTree = "<group>"; };
		5327D2D1287C6B5E00F76ADF /* TestView.swift */ = {isa = PBXFileReference; fileEncoding = 4; lastKnownFileType = sourcecode.swift; path = TestView.swift; sourceTree = "<group>"; };
		5327D2DF287C6B7C00F76ADF /* DeviceModels.json */ = {isa = PBXFileReference; fileEncoding = 4; lastKnownFileType = text.json; path = DeviceModels.json; sourceTree = "<group>"; };
		5327D2E7287C6DC200F76ADF /* Info.plist */ = {isa = PBXFileReference; lastKnownFileType = text.plist; path = Info.plist; sourceTree = "<group>"; };
		5327D2E8287C6DF700F76ADF /* Sa7tot.entitlements */ = {isa = PBXFileReference; lastKnownFileType = text.plist.entitlements; path = Sa7tot.entitlements; sourceTree = "<group>"; };
		533D1C3B2AE7BB6900894764 /* DynamicType.swift */ = {isa = PBXFileReference; lastKnownFileType = sourcecode.swift; path = DynamicType.swift; sourceTree = "<group>"; };
		533D1C3D2AE8023B00894764 /* PencilShape.swift */ = {isa = PBXFileReference; lastKnownFileType = sourcecode.swift; path = PencilShape.swift; sourceTree = "<group>"; };
		534973D528CB5A75000201F9 /* URLExtension.swift */ = {isa = PBXFileReference; lastKnownFileType = sourcecode.swift; path = URLExtension.swift; sourceTree = "<group>"; };
		5358E9162AC86DA1003E8CA9 /* SingleTransactionPhotoView.swift */ = {isa = PBXFileReference; lastKnownFileType = sourcecode.swift; path = SingleTransactionPhotoView.swift; sourceTree = "<group>"; };
		536715EC28E1E9A3008461F2 /* StoreKit.framework */ = {isa = PBXFileReference; lastKnownFileType = wrapper.framework; name = StoreKit.framework; path = System/Library/Frameworks/StoreKit.framework; sourceTree = SDKROOT; };
		536A2A142A59C47400D81E02 /* Wiggle.swift */ = {isa = PBXFileReference; lastKnownFileType = sourcecode.swift; path = Wiggle.swift; sourceTree = "<group>"; };
		536A2A162A5A7C5D00D81E02 /* OffsetHelper.swift */ = {isa = PBXFileReference; lastKnownFileType = sourcecode.swift; path = OffsetHelper.swift; sourceTree = "<group>"; };
		536CC385293106180081E401 /* LineGraph.swift */ = {isa = PBXFileReference; lastKnownFileType = sourcecode.swift; path = LineGraph.swift; sourceTree = "<group>"; };
		53756F622AC3C25E0065D0C2 /* sample.csv */ = {isa = PBXFileReference; fileEncoding = 4; lastKnownFileType = text; path = sample.csv; sourceTree = "<group>"; };
		538A32A92A505AC6008AEF8C /* BottomSheet.swift */ = {isa = PBXFileReference; lastKnownFileType = sourcecode.swift; path = BottomSheet.swift; sourceTree = "<group>"; };
		53A32B3728AB6C6400628905 /* Line.swift */ = {isa = PBXFileReference; lastKnownFileType = sourcecode.swift; path = Line.swift; sourceTree = "<group>"; };
		53A4147828B6625D008C30E7 /* AppDelegate.swift */ = {isa = PBXFileReference; lastKnownFileType = sourcecode.swift; path = AppDelegate.swift; sourceTree = "<group>"; };
		53A4147A28B66265008C30E7 /* SceneDelegate.swift */ = {isa = PBXFileReference; lastKnownFileType = sourcecode.swift; path = SceneDelegate.swift; sourceTree = "<group>"; };
		53A4147C28B7C70D008C30E7 /* AppVersion.swift */ = {isa = PBXFileReference; lastKnownFileType = sourcecode.swift; path = AppVersion.swift; sourceTree = "<group>"; };
		53A839B928D33840006F227C /* UnlockManager.swift */ = {isa = PBXFileReference; lastKnownFileType = sourcecode.swift; name = UnlockManager.swift; path = Sa7tot/Views/UnlockManager.swift; sourceTree = SOURCE_ROOT; };
		53A839BC28D35738006F227C /* SKProduct-LocalizedPrice.swift */ = {isa = PBXFileReference; lastKnownFileType = sourcecode.swift; path = "SKProduct-LocalizedPrice.swift"; sourceTree = "<group>"; };
		53B1D192288ED87000E28062 /* Assets.xcassets */ = {isa = PBXFileReference; lastKnownFileType = folder.assetcatalog; path = Assets.xcassets; sourceTree = "<group>"; };
		53B1D194288ED87000E28062 /* Info.plist */ = {isa = PBXFileReference; lastKnownFileType = text.plist.xml; path = Info.plist; sourceTree = "<group>"; };
		53B1D1A4289383B100E28062 /* FontExtension.swift */ = {isa = PBXFileReference; lastKnownFileType = sourcecode.swift; path = FontExtension.swift; sourceTree = "<group>"; };
		53B907982AE817EA0001F496 /* DonutSemicircle.swift */ = {isa = PBXFileReference; lastKnownFileType = sourcecode.swift; path = DonutSemicircle.swift; sourceTree = "<group>"; };
		53B9079A2AE818710001F496 /* RoundedTriangle.swift */ = {isa = PBXFileReference; lastKnownFileType = sourcecode.swift; path = RoundedTriangle.swift; sourceTree = "<group>"; };
		53B9079C2AE818A00001F496 /* CustomCapsule.swift */ = {isa = PBXFileReference; lastKnownFileType = sourcecode.swift; path = CustomCapsule.swift; sourceTree = "<group>"; };
		53B9079E2AE818B90001F496 /* Ring.swift */ = {isa = PBXFileReference; lastKnownFileType = sourcecode.swift; path = Ring.swift; sourceTree = "<group>"; };
		53BC2A502A8B21920019E4A8 /* Sa7totTests.xctest */ = {isa = PBXFileReference; explicitFileType = wrapper.cfbundle; includeInIndex = 0; path = Sa7totTests.xctest; sourceTree = BUILT_PRODUCTS_DIR; };
		53D0297F28C5BC0300443F2B /* Currency.swift */ = {isa = PBXFileReference; lastKnownFileType = sourcecode.swift; path = Currency.swift; sourceTree = "<group>"; };
		53D40B642AB1B2DB001D3866 /* UpdateSheet.swift */ = {isa = PBXFileReference; lastKnownFileType = sourcecode.swift; path = UpdateSheet.swift; sourceTree = "<group>"; };
		53D6BDC02AF6648300F5728E /* AlertButtons.swift */ = {isa = PBXFileReference; lastKnownFileType = sourcecode.swift; path = AlertButtons.swift; sourceTree = "<group>"; };
		53D6BDC42AF6B32C00F5728E /* StepperButtons.swift */ = {isa = PBXFileReference; lastKnownFileType = sourcecode.swift; path = StepperButtons.swift; sourceTree = "<group>"; };
		7A7E1A032026080300000001 /* CategoryIconPresentation.swift */ = {isa = PBXFileReference; lastKnownFileType = sourcecode.swift; path = CategoryIconPresentation.swift; sourceTree = "<group>"; };
		7A7E1A062026080300000001 /* NativeTransactionContextMenuRow.swift */ = {isa = PBXFileReference; fileEncoding = 4; lastKnownFileType = sourcecode.swift; path = NativeTransactionContextMenuRow.swift; sourceTree = "<group>"; };
		8C6E7A1A2A00000100000001 /* BudgetAmountSupport.swift */ = {isa = PBXFileReference; lastKnownFileType = sourcecode.swift; path = BudgetAmountSupport.swift; sourceTree = "<group>"; };
		A7B000000000000000000008 /* SubscriptionServiceCatalog.swift */ = {isa = PBXFileReference; lastKnownFileType = sourcecode.swift; path = SubscriptionServiceCatalog.swift; sourceTree = "<group>"; };
		A7B000000000000000000010 /* SubscriptionLogoProvider.swift */ = {isa = PBXFileReference; lastKnownFileType = sourcecode.swift; path = SubscriptionLogoProvider.swift; sourceTree = "<group>"; };
		A7B000000000000000000014 /* SubscriptionCatalogTests.swift */ = {isa = PBXFileReference; lastKnownFileType = sourcecode.swift; path = SubscriptionCatalogTests.swift; sourceTree = "<group>"; };
		A7B000000000000000000015 /* SubscriptionLogoMetadata.swift */ = {isa = PBXFileReference; lastKnownFileType = sourcecode.swift; path = SubscriptionLogoMetadata.swift; sourceTree = "<group>"; };
		A7B000000000000000000021 /* SubscriptionCreationSupport.swift */ = {isa = PBXFileReference; lastKnownFileType = sourcecode.swift; path = SubscriptionCreationSupport.swift; sourceTree = "<group>"; };
		A7B000000000000000000023 /* SubscriptionServicePickerView.swift */ = {isa = PBXFileReference; lastKnownFileType = sourcecode.swift; path = SubscriptionServicePickerView.swift; sourceTree = "<group>"; };
		B7A000000000000000000002 /* SubscriptionManagerView.swift */ = {isa = PBXFileReference; lastKnownFileType = sourcecode.swift; path = SubscriptionManagerView.swift; sourceTree = "<group>"; };
		B7A000000000000000000004 /* MainTabConfiguration.swift */ = {isa = PBXFileReference; lastKnownFileType = sourcecode.swift; path = MainTabConfiguration.swift; sourceTree = "<group>"; };
		C70000000000000000000001 /* APIConfiguration.swift */ = {isa = PBXFileReference; lastKnownFileType = sourcecode.swift; path = APIConfiguration.swift; sourceTree = "<group>"; };
		C70000000000000000000002 /* APIError.swift */ = {isa = PBXFileReference; lastKnownFileType = sourcecode.swift; path = APIError.swift; sourceTree = "<group>"; };
		C70000000000000000000003 /* APIRequest.swift */ = {isa = PBXFileReference; lastKnownFileType = sourcecode.swift; path = APIRequest.swift; sourceTree = "<group>"; };
		C70000000000000000000004 /* APIClient.swift */ = {isa = PBXFileReference; lastKnownFileType = sourcecode.swift; path = APIClient.swift; sourceTree = "<group>"; };
		C70000000000000000000005 /* AuthTokenProvider.swift */ = {isa = PBXFileReference; lastKnownFileType = sourcecode.swift; path = AuthTokenProvider.swift; sourceTree = "<group>"; };
		C70000000000000000000006 /* RemoteValueTypes.swift */ = {isa = PBXFileReference; lastKnownFileType = sourcecode.swift; path = RemoteValueTypes.swift; sourceTree = "<group>"; };
		C70000000000000000000007 /* AccountDTO.swift */ = {isa = PBXFileReference; lastKnownFileType = sourcecode.swift; path = AccountDTO.swift; sourceTree = "<group>"; };
		C70000000000000000000008 /* CategoryDTO.swift */ = {isa = PBXFileReference; lastKnownFileType = sourcecode.swift; path = CategoryDTO.swift; sourceTree = "<group>"; };
		C70000000000000000000009 /* SubscriptionDTO.swift */ = {isa = PBXFileReference; lastKnownFileType = sourcecode.swift; path = SubscriptionDTO.swift; sourceTree = "<group>"; };
		C7000000000000000000000A /* TransactionDTO.swift */ = {isa = PBXFileReference; lastKnownFileType = sourcecode.swift; path = TransactionDTO.swift; sourceTree = "<group>"; };
		C7000000000000000000000B /* MovementDTO.swift */ = {isa = PBXFileReference; lastKnownFileType = sourcecode.swift; path = MovementDTO.swift; sourceTree = "<group>"; };
		C7000000000000000000000C /* BootstrapDTO.swift */ = {isa = PBXFileReference; lastKnownFileType = sourcecode.swift; path = BootstrapDTO.swift; sourceTree = "<group>"; };
		C7000000000000000000000D /* BootstrapRepository.swift */ = {isa = PBXFileReference; lastKnownFileType = sourcecode.swift; path = BootstrapRepository.swift; sourceTree = "<group>"; };
		C7000000000000000000000E /* AccountsRepository.swift */ = {isa = PBXFileReference; lastKnownFileType = sourcecode.swift; path = AccountsRepository.swift; sourceTree = "<group>"; };
		C7000000000000000000000F /* MovimentiRepository.swift */ = {isa = PBXFileReference; lastKnownFileType = sourcecode.swift; path = MovimentiRepository.swift; sourceTree = "<group>"; };
		C70000000000000000000010 /* HealthRepository.swift */ = {isa = PBXFileReference; lastKnownFileType = sourcecode.swift; path = HealthRepository.swift; sourceTree = "<group>"; };
		C70000000000000000000011 /* RemoteAPIClientTests.swift */ = {isa = PBXFileReference; lastKnownFileType = sourcecode.swift; path = RemoteAPIClientTests.swift; sourceTree = "<group>"; };
		C70000000000000000000012 /* RemoteDTOTests.swift */ = {isa = PBXFileReference; lastKnownFileType = sourcecode.swift; path = RemoteDTOTests.swift; sourceTree = "<group>"; };
		C70000000000000000000013 /* RemoteValueAndConfigurationTests.swift */ = {isa = PBXFileReference; lastKnownFileType = sourcecode.swift; path = RemoteValueAndConfigurationTests.swift; sourceTree = "<group>"; };
		C70000000000000000000014 /* SupabaseAuthConfiguration.swift */ = {isa = PBXFileReference; lastKnownFileType = sourcecode.swift; path = SupabaseAuthConfiguration.swift; sourceTree = "<group>"; };
		C70000000000000000000015 /* AppleNonce.swift */ = {isa = PBXFileReference; lastKnownFileType = sourcecode.swift; path = AppleNonce.swift; sourceTree = "<group>"; };
		C70000000000000000000016 /* SupabaseAuthModels.swift */ = {isa = PBXFileReference; lastKnownFileType = sourcecode.swift; path = SupabaseAuthModels.swift; sourceTree = "<group>"; };
		C70000000000000000000017 /* SupabaseSessionStore.swift */ = {isa = PBXFileReference; lastKnownFileType = sourcecode.swift; path = SupabaseSessionStore.swift; sourceTree = "<group>"; };
		C70000000000000000000018 /* SupabaseAuthClient.swift */ = {isa = PBXFileReference; lastKnownFileType = sourcecode.swift; path = SupabaseAuthClient.swift; sourceTree = "<group>"; };
		C70000000000000000000019 /* SupabaseAuthSessionCoordinator.swift */ = {isa = PBXFileReference; lastKnownFileType = sourcecode.swift; path = SupabaseAuthSessionCoordinator.swift; sourceTree = "<group>"; };
		C7000000000000000000001A /* SupabaseAuthService.swift */ = {isa = PBXFileReference; lastKnownFileType = sourcecode.swift; path = SupabaseAuthService.swift; sourceTree = "<group>"; };
		C7000000000000000000001B /* AppleAuthorizationCredentialBuilder.swift */ = {isa = PBXFileReference; lastKnownFileType = sourcecode.swift; path = AppleAuthorizationCredentialBuilder.swift; sourceTree = "<group>"; };
		C7000000000000000000001C /* AuthRootView.swift */ = {isa = PBXFileReference; lastKnownFileType = sourcecode.swift; path = AuthRootView.swift; sourceTree = "<group>"; };
		C7000000000000000000001D /* SupabaseAuthTests.swift */ = {isa = PBXFileReference; lastKnownFileType = sourcecode.swift; path = SupabaseAuthTests.swift; sourceTree = "<group>"; };
		C70000000000000000000020 /* FinancialRemoteStore.swift */ = {isa = PBXFileReference; lastKnownFileType = sourcecode.swift; path = FinancialRemoteStore.swift; sourceTree = "<group>"; };
		C70000000000000000000021 /* CategoriesRepository.swift */ = {isa = PBXFileReference; lastKnownFileType = sourcecode.swift; path = CategoriesRepository.swift; sourceTree = "<group>"; };
		C70000000000000000000022 /* TransactionsRepository.swift */ = {isa = PBXFileReference; lastKnownFileType = sourcecode.swift; path = TransactionsRepository.swift; sourceTree = "<group>"; };
		C70000000000000000000023 /* RemoteFinancialViews.swift */ = {isa = PBXFileReference; lastKnownFileType = sourcecode.swift; path = RemoteFinancialViews.swift; sourceTree = "<group>"; };
		C70000000000000000000024 /* SubscriptionsRepository.swift */ = {isa = PBXFileReference; lastKnownFileType = sourcecode.swift; path = SubscriptionsRepository.swift; sourceTree = "<group>"; };
		C70000000000000000000025 /* RemoteSubscriptionSupport.swift */ = {isa = PBXFileReference; lastKnownFileType = sourcecode.swift; path = RemoteSubscriptionSupport.swift; sourceTree = "<group>"; };
		C70000000000000000000026 /* RemoteSubscriptionCreationSupport.swift */ = {isa = PBXFileReference; lastKnownFileType = sourcecode.swift; path = RemoteSubscriptionCreationSupport.swift; sourceTree = "<group>"; };
		C70000000000000000000027 /* RemoteBudgetView.swift */ = {isa = PBXFileReference; lastKnownFileType = sourcecode.swift; path = RemoteBudgetView.swift; sourceTree = "<group>"; };
		C70000000000000000000028 /* RemoteBudgetEditor.swift */ = {isa = PBXFileReference; lastKnownFileType = sourcecode.swift; path = RemoteBudgetEditor.swift; sourceTree = "<group>"; };
		C70000000000000000000029 /* CategoryIconDescriptor.swift */ = {isa = PBXFileReference; lastKnownFileType = sourcecode.swift; path = CategoryIconDescriptor.swift; sourceTree = "<group>"; };
		C70000000000000000000030 /* NotificationSupport.swift */ = {isa = PBXFileReference; lastKnownFileType = sourcecode.swift; path = NotificationSupport.swift; sourceTree = "<group>"; };
		C70000000000000000000031 /* RemoteMovimentiSupport.swift */ = {isa = PBXFileReference; lastKnownFileType = sourcecode.swift; path = RemoteMovimentiSupport.swift; sourceTree = "<group>"; };
		C70000000000000000000032 /* BackgroundBlurView.swift */ = {isa = PBXFileReference; lastKnownFileType = sourcecode.swift; path = BackgroundBlurView.swift; sourceTree = "<group>"; };
		C70000000000000000000033 /* CalendarSettingsSupport.swift */ = {isa = PBXFileReference; lastKnownFileType = sourcecode.swift; path = CalendarSettingsSupport.swift; sourceTree = "<group>"; };
		AEADEF6E2AE94DA3006EB614 /* Toast.swift */ = {isa = PBXFileReference; fileEncoding = 4; lastKnownFileType = sourcecode.swift; path = Toast.swift; sourceTree = "<group>"; };
		AEADEF702AE94DA8006EB614 /* BackButton.swift */ = {isa = PBXFileReference; fileEncoding = 4; lastKnownFileType = sourcecode.swift; path = BackButton.swift; sourceTree = "<group>"; };
		AEADEF722AE94DC3006EB614 /* ToolbarButton.swift */ = {isa = PBXFileReference; fileEncoding = 4; lastKnownFileType = sourcecode.swift; path = ToolbarButton.swift; sourceTree = "<group>"; };
		AEADEF732AE94DC3006EB614 /* Toolbar.swift */ = {isa = PBXFileReference; fileEncoding = 4; lastKnownFileType = sourcecode.swift; path = Toolbar.swift; sourceTree = "<group>"; };
		AECE7F9D2AED1A6800B57267 /* SuggestedTransactions.swift */ = {isa = PBXFileReference; lastKnownFileType = sourcecode.swift; path = SuggestedTransactions.swift; sourceTree = "<group>"; };
		D63B20572D8728C300CAFB20 /* Localizable.xcstrings */ = {isa = PBXFileReference; lastKnownFileType = text.json.xcstrings; path = Localizable.xcstrings; sourceTree = "<group>"; };
		D63B20582D8728C300CAFB20 /* InfoPlist.xcstrings */ = {isa = PBXFileReference; lastKnownFileType = text.json.xcstrings; path = InfoPlist.xcstrings; sourceTree = "<group>"; };
		D63B205B2D8728C300CAFB20 /* AppLocalization.swift */ = {isa = PBXFileReference; lastKnownFileType = sourcecode.swift; path = AppLocalization.swift; sourceTree = "<group>"; };
		F00300040000000000000001 /* ClashDisplay-Bold.otf */ = {isa = PBXFileReference; lastKnownFileType = file; path = "ClashDisplay-Bold.otf"; sourceTree = "<group>"; };
		F00300050000000000000001 /* FFL-ClashDisplay.txt */ = {isa = PBXFileReference; fileEncoding = 4; lastKnownFileType = text; path = "FFL-ClashDisplay.txt"; sourceTree = "<group>"; };
		F00300060000000000000001 /* Wallet.json */ = {isa = PBXFileReference; lastKnownFileType = text.json; path = "../../Wallet.json"; sourceTree = "<group>"; };
		F00300070000000000000001 /* LoginView.swift */ = {isa = PBXFileReference; lastKnownFileType = sourcecode.swift; path = "Views/LoginView.swift"; sourceTree = "<group>"; };
		A10000100000000000000001 /* AppToast.swift */ = {isa = PBXFileReference; lastKnownFileType = sourcecode.swift; path = AppToast.swift; sourceTree = "<group>"; };
		A10000110000000000000001 /* AppToastCoordinator.swift */ = {isa = PBXFileReference; lastKnownFileType = sourcecode.swift; path = AppToastCoordinator.swift; sourceTree = "<group>"; };
		A10000120000000000000001 /* AppToastView.swift */ = {isa = PBXFileReference; lastKnownFileType = sourcecode.swift; path = AppToastView.swift; sourceTree = "<group>"; };
		A10000130000000000000001 /* AppToastTests.swift */ = {isa = PBXFileReference; lastKnownFileType = sourcecode.swift; path = AppToastTests.swift; sourceTree = "<group>"; };
/* End PBXFileReference section */

/* Begin PBXFrameworksBuildPhase section */
		5327D280287C697400F76ADF /* Frameworks */ = {
			isa = PBXFrameworksBuildPhase;
			buildActionMask = 2147483647;
			files = (
				F00300090000000000000001 /* Lottie in Frameworks */,
				D6A4DE242D61744400F7F751 /* SwiftUIIntrospect-Static in Frameworks */,
				D6A4DE202D61744400F7F751 /* SwiftUIIntrospect in Frameworks */,
				53A4148028B7DA4C008C30E7 /* ConfettiSwiftUI in Frameworks */,
				5327D2E6287C6CC300F76ADF /* Popovers in Frameworks */,
				538D10752A5AB7E7008F1AFB /* IsScrolling in Frameworks */,
				533A38F42AA49E5900F66957 /* Alamofire in Frameworks */,
				536715ED28E1E9A3008461F2 /* StoreKit.framework in Frameworks */,
				53B1D1A8289A60D500E28062 /* CrookedText in Frameworks */,
			);
			runOnlyForDeploymentPostprocessing = 0;
		};
		53BC2A552A8B21920019E4A8 /* Frameworks */ = {
			isa = PBXFrameworksBuildPhase;
			buildActionMask = 2147483647;
			files = (
			);
			runOnlyForDeploymentPostprocessing = 0;
		};
/* End PBXFrameworksBuildPhase section */

/* Begin PBXGroup section */
		5327D27A287C697400F76ADF = {
			isa = PBXGroup;
			children = (
				D63B20572D8728C300CAFB20 /* Localizable.xcstrings */,
				D63B20582D8728C300CAFB20 /* InfoPlist.xcstrings */,
				5327D285287C697400F76ADF /* Sa7tot */,
				53BC2A512A8B21920019E4A8 /* Sa7tot/Tests */,
				5327D284287C697400F76ADF /* Products */,
				5383D85C287D9A0100D1B9BA /* Frameworks */,
			);
			sourceTree = "<group>";
		};
		5327D284287C697400F76ADF /* Products */ = {
			isa = PBXGroup;
			children = (
				5327D283287C697400F76ADF /* Sa7tot.app */,
				53BC2A502A8B21920019E4A8 /* Sa7totTests.xctest */,
			);
			name = Products;
			sourceTree = "<group>";
		};
		5327D285287C697400F76ADF /* Sa7tot */ = {
			isa = PBXGroup;
			children = (
				F00300060000000000000001 /* Wallet.json */,
				F00300040000000000000001 /* ClashDisplay-Bold.otf */,
				F00300050000000000000001 /* FFL-ClashDisplay.txt */,
				5327D2E8287C6DF700F76ADF /* Sa7tot.entitlements */,
				5327D2E7287C6DC200F76ADF /* Info.plist */,
				53756F622AC3C25E0065D0C2 /* sample.csv */,
				53A4147828B6625D008C30E7 /* AppDelegate.swift */,
				53A4147A28B66265008C30E7 /* SceneDelegate.swift */,
				5327D286287C697400F76ADF /* Sa7totApp.swift */,
				F00300070000000000000001 /* LoginView.swift */,
				5327D2DF287C6B7C00F76ADF /* DeviceModels.json */,
				5327D2CA287C6B4700F76ADF /* ContentView.swift */,
				5327D294287C698900F76ADF /* Assets.xcassets */,
				5327D298287C69B800F76ADF /* Views */,
				5327D299287C69C100F76ADF /* Models */,
				5327D296287C69A400F76ADF /* Utilities */,
				5327D28C287C697C00F76ADF /* Preview Content */,
				AE30A1522AE7D95200E516B3 /* Components */,
				C72000000000000000000001 /* Remote */,
			);
			path = Sa7tot;
			sourceTree = "<group>";
		};
		C72000000000000000000001 /* Remote */ = {
			isa = PBXGroup;
			children = (
				C72000000000000000000002 /* API */,
				C72000000000000000000003 /* Auth */,
				C72000000000000000000004 /* DTO */,
				C72000000000000000000005 /* Repositories */,
				C72000000000000000000007 /* Financial */,
			);
			path = Remote;
			sourceTree = "<group>";
		};
		C72000000000000000000002 /* API */ = {
			isa = PBXGroup;
			children = (
				C70000000000000000000001 /* APIConfiguration.swift */,
				C70000000000000000000002 /* APIError.swift */,
				C70000000000000000000003 /* APIRequest.swift */,
				C70000000000000000000004 /* APIClient.swift */,
			);
			path = API;
			sourceTree = "<group>";
		};
		C72000000000000000000003 /* Auth */ = {
			isa = PBXGroup;
			children = (
				C70000000000000000000005 /* AuthTokenProvider.swift */,
				C70000000000000000000014 /* SupabaseAuthConfiguration.swift */,
				C70000000000000000000015 /* AppleNonce.swift */,
				C70000000000000000000016 /* SupabaseAuthModels.swift */,
				C70000000000000000000017 /* SupabaseSessionStore.swift */,
				C70000000000000000000018 /* SupabaseAuthClient.swift */,
				C70000000000000000000019 /* SupabaseAuthSessionCoordinator.swift */,
				C7000000000000000000001A /* SupabaseAuthService.swift */,
				C7000000000000000000001B /* AppleAuthorizationCredentialBuilder.swift */,
			);
			path = Auth;
			sourceTree = "<group>";
		};
		C72000000000000000000004 /* DTO */ = {
			isa = PBXGroup;
			children = (
				C70000000000000000000006 /* RemoteValueTypes.swift */,
				C70000000000000000000007 /* AccountDTO.swift */,
				C70000000000000000000008 /* CategoryDTO.swift */,
				C70000000000000000000009 /* SubscriptionDTO.swift */,
				C7000000000000000000000A /* TransactionDTO.swift */,
				C7000000000000000000000B /* MovementDTO.swift */,
				C7000000000000000000000C /* BootstrapDTO.swift */,
			);
			path = DTO;
			sourceTree = "<group>";
		};
		C72000000000000000000005 /* Repositories */ = {
			isa = PBXGroup;
			children = (
				C7000000000000000000000D /* BootstrapRepository.swift */,
				C7000000000000000000000E /* AccountsRepository.swift */,
				C7000000000000000000000F /* MovimentiRepository.swift */,
				C70000000000000000000010 /* HealthRepository.swift */,
				C70000000000000000000021 /* CategoriesRepository.swift */,
				C70000000000000000000022 /* TransactionsRepository.swift */,
				C70000000000000000000024 /* SubscriptionsRepository.swift */,
			);
			path = Repositories;
			sourceTree = "<group>";
		};
		C72000000000000000000007 /* Financial */ = {
			isa = PBXGroup;
			children = (
				C70000000000000000000020 /* FinancialRemoteStore.swift */,
			);
			path = Financial;
			sourceTree = "<group>";
		};
		5327D28C287C697C00F76ADF /* Preview Content */ = {
			isa = PBXGroup;
			children = (
				5327D28D287C697C00F76ADF /* Preview Assets.xcassets */,
			);
			path = "Preview Content";
			sourceTree = "<group>";
		};
		5327D296287C69A400F76ADF /* Utilities */ = {
			isa = PBXGroup;
			children = (
				D63B205B2D8728C300CAFB20 /* AppLocalization.swift */,
				53A839B928D33840006F227C /* UnlockManager.swift */,
				53A839BC28D35738006F227C /* SKProduct-LocalizedPrice.swift */,
				5327D2AF287C6AFB00F76ADF /* Authentication.swift */,
				5327D2B0287C6AFB00F76ADF /* KeyboardHeightHelper.swift */,
				5327D2B5287C6AFB00F76ADF /* Color.swift */,
				5327D2B2287C6AFB00F76ADF /* EmailExtensions.swift */,
				5327D2B3287C6AFB00F76ADF /* ViewExtension.swift */,
				5327D2B4287C6AFB00F76ADF /* StringExtension.swift */,
				53B1D1A4289383B100E28062 /* FontExtension.swift */,
				53A4147C28B7C70D008C30E7 /* AppVersion.swift */,
				534973D528CB5A75000201F9 /* URLExtension.swift */,
				538A32A92A505AC6008AEF8C /* BottomSheet.swift */,
				536A2A142A59C47400D81E02 /* Wiggle.swift */,
				536A2A162A5A7C5D00D81E02 /* OffsetHelper.swift */,
				533D1C3B2AE7BB6900894764 /* DynamicType.swift */,
				C70000000000000000000030 /* NotificationSupport.swift */,
				C70000000000000000000032 /* BackgroundBlurView.swift */,
				C70000000000000000000033 /* CalendarSettingsSupport.swift */,
			);
			path = Utilities;
			sourceTree = "<group>";
		};
		5327D298287C69B800F76ADF /* Views */ = {
			isa = PBXGroup;
			children = (
				53D6BDC62AF73B1D00F5728E /* Settings */,
				53B907972AE817D50001F496 /* Shapes */,
				53D40B642AB1B2DB001D3866 /* UpdateSheet.swift */,
				5327D2D0287C6B5E00F76ADF /* HomeView.swift */,
				5327D2D1287C6B5E00F76ADF /* TestView.swift */,
				7A7E1A062026080300000001 /* NativeTransactionContextMenuRow.swift */,
				536CC385293106180081E401 /* LineGraph.swift */,
				5358E9162AC86DA1003E8CA9 /* SingleTransactionPhotoView.swift */,
				A7B000000000000000000023 /* SubscriptionServicePickerView.swift */,
				B7A000000000000000000002 /* SubscriptionManagerView.swift */,
				C7000000000000000000001C /* AuthRootView.swift */,
				C70000000000000000000023 /* RemoteFinancialViews.swift */,
				C70000000000000000000027 /* RemoteBudgetView.swift */,
				C70000000000000000000028 /* RemoteBudgetEditor.swift */,
				C70000000000000000000031 /* RemoteMovimentiSupport.swift */,
				A10000120000000000000001 /* AppToastView.swift */,
			);
			path = Views;
			sourceTree = "<group>";
		};
		5327D299287C69C100F76ADF /* Models */ = {
			isa = PBXGroup;
			children = (
				A10000100000000000000001 /* AppToast.swift */,
				A10000110000000000000001 /* AppToastCoordinator.swift */,
				8C6E7A1A2A00000100000001 /* BudgetAmountSupport.swift */,
				7A7E1A032026080300000001 /* CategoryIconPresentation.swift */,
				A7B000000000000000000008 /* SubscriptionServiceCatalog.swift */,
				A7B000000000000000000010 /* SubscriptionLogoProvider.swift */,
				A7B000000000000000000015 /* SubscriptionLogoMetadata.swift */,
				A7B000000000000000000021 /* SubscriptionCreationSupport.swift */,
				C70000000000000000000025 /* RemoteSubscriptionSupport.swift */,
				C70000000000000000000026 /* RemoteSubscriptionCreationSupport.swift */,
				C70000000000000000000029 /* CategoryIconDescriptor.swift */,
				B7A000000000000000000004 /* MainTabConfiguration.swift */,
				5327D2BE287C6B2500F76ADF /* TimeFrame.swift */,
				5321E1DB291FE02B00D5A931 /* CategoryCreationErrors.swift */,
				5327D2C1287C6B2500F76ADF /* FilterType.swift */,
				5327D2C0287C6B2500F76ADF /* BudgetTimeFrame.swift */,
				5327D2C3287C6B2500F76ADF /* SupportEmail.swift */,
				53A32B3728AB6C6400628905 /* Line.swift */,
				53D0297F28C5BC0300443F2B /* Currency.swift */,
			);
			path = Models;
			sourceTree = "<group>";
		};
		5383D85C287D9A0100D1B9BA /* Frameworks */ = {
			isa = PBXGroup;
			children = (
				536715EC28E1E9A3008461F2 /* StoreKit.framework */,
			);
			name = Frameworks;
			sourceTree = "<group>";
		};
		53B907972AE817D50001F496 /* Shapes */ = {
			isa = PBXGroup;
			children = (
				533D1C3D2AE8023B00894764 /* PencilShape.swift */,
				53B907982AE817EA0001F496 /* DonutSemicircle.swift */,
				53B9079A2AE818710001F496 /* RoundedTriangle.swift */,
				53B9079E2AE818B90001F496 /* Ring.swift */,
				53B9079C2AE818A00001F496 /* CustomCapsule.swift */,
			);
			path = Shapes;
			sourceTree = "<group>";
		};
		53BC2A512A8B21920019E4A8 /* Sa7tot/Tests */ = {
			isa = PBXGroup;
			children = (
				A7B000000000000000000014 /* SubscriptionCatalogTests.swift */,
				C72000000000000000000006 /* Remote */,
			);
			path = Sa7tot/Tests;
			sourceTree = "<group>";
		};
		C72000000000000000000006 /* Remote */ = {
			isa = PBXGroup;
			children = (
				A10000130000000000000001 /* AppToastTests.swift */,
				C70000000000000000000011 /* RemoteAPIClientTests.swift */,
				C70000000000000000000012 /* RemoteDTOTests.swift */,
				C70000000000000000000013 /* RemoteValueAndConfigurationTests.swift */,
				C7000000000000000000001D /* SupabaseAuthTests.swift */,
			);
			path = Remote;
			sourceTree = "<group>";
		};
		53D6BDBF2AF6647800F5728E /* Buttons */ = {
			isa = PBXGroup;
			children = (
				53D6BDC02AF6648300F5728E /* AlertButtons.swift */,
				53D6BDC42AF6B32C00F5728E /* StepperButtons.swift */,
			);
			path = Buttons;
			sourceTree = "<group>";
		};
		53D6BDC62AF73B1D00F5728E /* Settings */ = {
			isa = PBXGroup;
			children = (
				5327D2CF287C6B5E00F76ADF /* SettingsView.swift */,
			);
			path = Settings;
			sourceTree = "<group>";
		};
		AE30A1522AE7D95200E516B3 /* Components */ = {
			isa = PBXGroup;
			children = (
				53D6BDBF2AF6647800F5728E /* Buttons */,
				AECE7F9A2AED1A4600B57267 /* Transactions */,
				AE30A1532AE7D95F00E516B3 /* Toolbar */,
			);
			path = Components;
			sourceTree = "<group>";
		};
		AE30A1532AE7D95F00E516B3 /* Toolbar */ = {
			isa = PBXGroup;
			children = (
				AEADEF732AE94DC3006EB614 /* Toolbar.swift */,
				AEADEF722AE94DC3006EB614 /* ToolbarButton.swift */,
				AEADEF6E2AE94DA3006EB614 /* Toast.swift */,
				AEADEF702AE94DA8006EB614 /* BackButton.swift */,
			);
			path = Toolbar;
			sourceTree = "<group>";
		};
		AECE7F9A2AED1A4600B57267 /* Transactions */ = {
			isa = PBXGroup;
			children = (
				AECE7F9D2AED1A6800B57267 /* SuggestedTransactions.swift */,
			);
			path = Transactions;
			sourceTree = "<group>";
		};
/* End PBXGroup section */

/* Begin PBXNativeTarget section */
		5327D282287C697400F76ADF /* Sa7tot */ = {
			isa = PBXNativeTarget;
			buildConfigurationList = 5327D291287C697C00F76ADF /* Build configuration list for PBXNativeTarget "Sa7tot" */;
			buildPhases = (
				5327D27F287C697400F76ADF /* Sources */,
				5327D280287C697400F76ADF /* Frameworks */,
				5327D281287C697400F76ADF /* Resources */,
				AE22D66A2AE62F4700F0A4F9 /* Run Script */,
				D6A4DE1B2D6153C200F7F751 /* Embed Frameworks */,
			);
			buildRules = (
			);
			dependencies = (
			);
			name = Sa7tot;
			packageProductDependencies = (
				5327D2E5287C6CC300F76ADF /* Popovers */,
				53B1D1A7289A60D500E28062 /* CrookedText */,
				53A4147F28B7DA4C008C30E7 /* ConfettiSwiftUI */,
				538D10742A5AB7E7008F1AFB /* IsScrolling */,
				533A38F32AA49E5900F66957 /* Alamofire */,
				D6A4DE1F2D61744400F7F751 /* SwiftUIIntrospect */,
				D6A4DE232D61744400F7F751 /* SwiftUIIntrospect-Static */,
				F00300080000000000000001 /* Lottie */,
			);
			productName = Sa7tot;
			productReference = 5327D283287C697400F76ADF /* Sa7tot.app */;
			productType = "com.apple.product-type.application";
		};
		53BC2A522A8B21920019E4A8 /* Sa7totTests */ = {
			isa = PBXNativeTarget;
			buildConfigurationList = 53BC2A532A8B21920019E4A8 /* Build configuration list for PBXNativeTarget "Sa7totTests" */;
			buildPhases = (
				53BC2A542A8B21920019E4A8 /* Sources */,
				53BC2A552A8B21920019E4A8 /* Frameworks */,
			);
			buildRules = (
			);
			dependencies = (
			);
			name = Sa7totTests;
			productName = Sa7totTests;
			productReference = 53BC2A502A8B21920019E4A8 /* Sa7totTests.xctest */;
			productType = "com.apple.product-type.bundle.unit-test";
		};
/* End PBXNativeTarget section */

/* Begin PBXProject section */
		5327D27B287C697400F76ADF /* Project object */ = {
			isa = PBXProject;
			attributes = {
				BuildIndependentTargetsInParallel = 1;
				LastSwiftUpdateCheck = 1340;
				LastUpgradeCheck = 1400;
				TargetAttributes = {
					5327D282287C697400F76ADF = {
					CreatedOnToolsVersion = 14.0;
					SystemCapabilities = {
						com.apple.SignInWithApple = {
							enabled = 1;
						};
					};
				};
				53BC2A522A8B21920019E4A8 = {
					CreatedOnToolsVersion = 26.0;
				};
				};
			};
			buildConfigurationList = 5327D27E287C697400F76ADF /* Build configuration list for PBXProject "Sa7tot" */;
			compatibilityVersion = "Xcode 13.0";
			developmentRegion = it;
			hasScannedForEncodings = 0;
			knownRegions = (
				en,
				it,
				Base,
			);
			mainGroup = 5327D27A287C697400F76ADF;
			packageReferences = (
				5327D2E4287C6CC300F76ADF /* XCRemoteSwiftPackageReference "Popovers" */,
				53B1D1A6289A60D500E28062 /* XCRemoteSwiftPackageReference "CrookedText" */,
				53A4147E28B7DA4C008C30E7 /* XCRemoteSwiftPackageReference "ConfettiSwiftUI" */,
				538D10732A5AB7E7008F1AFB /* XCRemoteSwiftPackageReference "IsScrolling" */,
				533A38F22AA49E0100F66957 /* XCRemoteSwiftPackageReference "Alamofire" */,
				D6A4DE1E2D61744400F7F751 /* XCRemoteSwiftPackageReference "SwiftUI-Introspect" */,
				F00300070000000000000002 /* XCRemoteSwiftPackageReference "lottie-ios" */,
			);
			productRefGroup = 5327D284287C697400F76ADF /* Products */;
			projectDirPath = "";
			projectRoot = "";
			targets = (
				5327D282287C697400F76ADF /* Sa7tot */,
				53BC2A522A8B21920019E4A8 /* Sa7totTests */,
			);
		};
/* End PBXProject section */

/* Begin PBXResourcesBuildPhase section */
		5327D281287C697400F76ADF /* Resources */ = {
			isa = PBXResourcesBuildPhase;
			buildActionMask = 2147483647;
			files = (
				5327D28E287C697C00F76ADF /* Preview Assets.xcassets in Resources */,
				D63B20592D8728C300CAFB20 /* Localizable.xcstrings in Resources */,
				D63B205A2D8728C300CAFB20 /* InfoPlist.xcstrings in Resources */,
				5327D295287C698900F76ADF /* Assets.xcassets in Resources */,
				53756F632AC3C25E0065D0C2 /* sample.csv in Resources */,
				5327D2E0287C6B7D00F76ADF /* DeviceModels.json in Resources */,
				F00300010000000000000001 /* ClashDisplay-Bold.otf in Resources */,
				F00300020000000000000001 /* FFL-ClashDisplay.txt in Resources */,
				F003000B0000000000000001 /* Wallet.json in Resources */,
			);
			runOnlyForDeploymentPostprocessing = 0;
		};
/* End PBXResourcesBuildPhase section */

/* Begin PBXShellScriptBuildPhase section */
		AE22D66A2AE62F4700F0A4F9 /* Run Script */ = {
			isa = PBXShellScriptBuildPhase;
			buildActionMask = 2147483647;
			files = (
			);
			inputFileListPaths = (
			);
			inputPaths = (
			);
			name = "Run Script";
			outputFileListPaths = (
			);
			outputPaths = (
			);
			runOnlyForDeploymentPostprocessing = 0;
			shellPath = /bin/sh;
			shellScript = "if which swiftlint >/dev/null; then\n  swiftlint --fix\nelse\n  echo \"warning: SwiftLint not installed, download from https://github.com/realm/SwiftLint\"\nfi\n";
		};
/* End PBXShellScriptBuildPhase section */

/* Begin PBXSourcesBuildPhase section */
		5327D27F287C697400F76ADF /* Sources */ = {
			isa = PBXSourcesBuildPhase;
			buildActionMask = 2147483647;
			files = (
				536A2A152A59C47400D81E02 /* Wiggle.swift in Sources */,
				AEADEF742AE94DC3006EB614 /* ToolbarButton.swift in Sources */,
				538A32AA2A505AC6008AEF8C /* BottomSheet.swift in Sources */,
				5327D2D9287C6B5F00F76ADF /* HomeView.swift in Sources */,
				53B907992AE817EA0001F496 /* DonutSemicircle.swift in Sources */,
				53B9079F2AE818B90001F496 /* Ring.swift in Sources */,
				5327D2C4287C6B2500F76ADF /* TimeFrame.swift in Sources */,
				5327D2B9287C6AFB00F76ADF /* EmailExtensions.swift in Sources */,
				5327D2CB287C6B4700F76ADF /* ContentView.swift in Sources */,
				53A839BA28D33840006F227C /* UnlockManager.swift in Sources */,
				AEADEF752AE94DC3006EB614 /* Toolbar.swift in Sources */,
				8C6E7A1B2A00000100000001 /* BudgetAmountSupport.swift in Sources */,
				5327D2BC287C6AFB00F76ADF /* Color.swift in Sources */,
				5327D2BB287C6AFB00F76ADF /* StringExtension.swift in Sources */,
				53B1D1A5289383B100E28062 /* FontExtension.swift in Sources */,
				5327D2C6287C6B2500F76ADF /* BudgetTimeFrame.swift in Sources */,
				5327D2B7287C6AFB00F76ADF /* KeyboardHeightHelper.swift in Sources */,
				536A2A172A5A7C5D00D81E02 /* OffsetHelper.swift in Sources */,
				53A4147B28B66265008C30E7 /* SceneDelegate.swift in Sources */,
				53B9079B2AE818710001F496 /* RoundedTriangle.swift in Sources */,
				533D1C3C2AE7BB6900894764 /* DynamicType.swift in Sources */,
				5327D2C9287C6B2500F76ADF /* SupportEmail.swift in Sources */,
				D70000000000000000000025 /* RemoteSubscriptionSupport.swift in Sources */,
				D70000000000000000000026 /* RemoteSubscriptionCreationSupport.swift in Sources */,
				D70000000000000000000027 /* RemoteBudgetView.swift in Sources */,
				D70000000000000000000028 /* RemoteBudgetEditor.swift in Sources */,
				D70000000000000000000029 /* CategoryIconDescriptor.swift in Sources */,
				D70000000000000000000030 /* NotificationSupport.swift in Sources */,
				D70000000000000000000031 /* RemoteMovimentiSupport.swift in Sources */,
				D70000000000000000000032 /* BackgroundBlurView.swift in Sources */,
				D70000000000000000000033 /* CalendarSettingsSupport.swift in Sources */,
				D63B205C2D8728C300CAFB20 /* AppLocalization.swift in Sources */,
				B7A000000000000000000001 /* SubscriptionManagerView.swift in Sources */,
				A7B000000000000000000022 /* SubscriptionServicePickerView.swift in Sources */,
				B7A000000000000000000003 /* MainTabConfiguration.swift in Sources */,
				7A7E1A042026080300000001 /* CategoryIconPresentation.swift in Sources */,
				A7B000000000000000000007 /* SubscriptionServiceCatalog.swift in Sources */,
				A7B000000000000000000009 /* SubscriptionLogoProvider.swift in Sources */,
				A7B000000000000000000018 /* SubscriptionLogoMetadata.swift in Sources */,
				53D0298028C5BC0300443F2B /* Currency.swift in Sources */,
				534973D628CB5A75000201F9 /* URLExtension.swift in Sources */,
				53A32B3828AB6C6400628905 /* Line.swift in Sources */,
				5327D2C7287C6B2500F76ADF /* FilterType.swift in Sources */,
				5321E1DC291FE02C00D5A931 /* CategoryCreationErrors.swift in Sources */,
				53D40B652AB1B2DB001D3866 /* UpdateSheet.swift in Sources */,
				5327D2BA287C6AFB00F76ADF /* ViewExtension.swift in Sources */,
				5327D287287C697400F76ADF /* Sa7totApp.swift in Sources */,
				F003000A0000000000000001 /* LoginView.swift in Sources */,
				53B9079D2AE818A00001F496 /* CustomCapsule.swift in Sources */,
				53A4147D28B7C70D008C30E7 /* AppVersion.swift in Sources */,
				5327D2B6287C6AFB00F76ADF /* Authentication.swift in Sources */,
				5327D2D8287C6B5F00F76ADF /* SettingsView.swift in Sources */,
				53A4147928B6625D008C30E7 /* AppDelegate.swift in Sources */,
				53A839BD28D35738006F227C /* SKProduct-LocalizedPrice.swift in Sources */,
				D70000000000000000000001 /* APIConfiguration.swift in Sources */,
				D70000000000000000000002 /* APIError.swift in Sources */,
				D70000000000000000000003 /* APIRequest.swift in Sources */,
				D70000000000000000000004 /* APIClient.swift in Sources */,
				D70000000000000000000005 /* AuthTokenProvider.swift in Sources */,
				D70000000000000000000006 /* RemoteValueTypes.swift in Sources */,
				D70000000000000000000007 /* AccountDTO.swift in Sources */,
				D70000000000000000000008 /* CategoryDTO.swift in Sources */,
				D70000000000000000000009 /* SubscriptionDTO.swift in Sources */,
				D7000000000000000000000A /* TransactionDTO.swift in Sources */,
				D7000000000000000000000B /* MovementDTO.swift in Sources */,
				D7000000000000000000000C /* BootstrapDTO.swift in Sources */,
				D7000000000000000000000D /* BootstrapRepository.swift in Sources */,
				D7000000000000000000000E /* AccountsRepository.swift in Sources */,
				D7000000000000000000000F /* MovimentiRepository.swift in Sources */,
				D70000000000000000000010 /* HealthRepository.swift in Sources */,
				D70000000000000000000011 /* SupabaseAuthConfiguration.swift in Sources */,
				D70000000000000000000012 /* AppleNonce.swift in Sources */,
				D70000000000000000000013 /* SupabaseAuthModels.swift in Sources */,
				D70000000000000000000014 /* SupabaseSessionStore.swift in Sources */,
				D70000000000000000000015 /* SupabaseAuthClient.swift in Sources */,
				D70000000000000000000016 /* SupabaseAuthSessionCoordinator.swift in Sources */,
				D70000000000000000000017 /* SupabaseAuthService.swift in Sources */,
				D70000000000000000000018 /* AppleAuthorizationCredentialBuilder.swift in Sources */,
				D70000000000000000000019 /* AuthRootView.swift in Sources */,
				D70000000000000000000020 /* FinancialRemoteStore.swift in Sources */,
				D70000000000000000000021 /* CategoriesRepository.swift in Sources */,
				D70000000000000000000022 /* TransactionsRepository.swift in Sources */,
				D70000000000000000000023 /* RemoteFinancialViews.swift in Sources */,
				D70000000000000000000024 /* SubscriptionsRepository.swift in Sources */,
				A10000010000000000000001 /* AppToast.swift in Sources */,
				A10000020000000000000001 /* AppToastCoordinator.swift in Sources */,
				A10000030000000000000001 /* AppToastView.swift in Sources */,
			);
			runOnlyForDeploymentPostprocessing = 0;
		};
		53BC2A542A8B21920019E4A8 /* Sources */ = {
			isa = PBXSourcesBuildPhase;
			buildActionMask = 2147483647;
			files = (
				A7B000000000000000000013 /* SubscriptionCatalogTests.swift in Sources */,
				A7B000000000000000000011 /* SubscriptionServiceCatalog.swift in Sources */,
				A7B000000000000000000012 /* SubscriptionLogoProvider.swift in Sources */,
				A7B000000000000000000019 /* SubscriptionLogoMetadata.swift in Sources */,
				E70000000000000000000025 /* RemoteSubscriptionSupport.swift in Sources */,
				E70000000000000000000026 /* RemoteSubscriptionCreationSupport.swift in Sources */,
				E70000000000000000000027 /* CategoryIconDescriptor.swift in Sources */,
				B7A000000000000000000005 /* MainTabConfiguration.swift in Sources */,
				904C774A3025CAEB004209AE /* CategoryIconPresentation.swift in Sources */,
				8C6E7A1C2A00000100000001 /* BudgetAmountSupport.swift in Sources */,
				E70000000000000000000001 /* APIConfiguration.swift in Sources */,
				E70000000000000000000002 /* APIError.swift in Sources */,
				E70000000000000000000003 /* APIRequest.swift in Sources */,
				E70000000000000000000004 /* APIClient.swift in Sources */,
				E70000000000000000000005 /* AuthTokenProvider.swift in Sources */,
				E70000000000000000000006 /* RemoteValueTypes.swift in Sources */,
				E70000000000000000000007 /* AccountDTO.swift in Sources */,
				E70000000000000000000008 /* CategoryDTO.swift in Sources */,
				E70000000000000000000009 /* SubscriptionDTO.swift in Sources */,
				E7000000000000000000000A /* TransactionDTO.swift in Sources */,
				E7000000000000000000000B /* MovementDTO.swift in Sources */,
				E7000000000000000000000C /* BootstrapDTO.swift in Sources */,
				E7000000000000000000000D /* BootstrapRepository.swift in Sources */,
				E7000000000000000000000E /* AccountsRepository.swift in Sources */,
				E7000000000000000000000F /* MovimentiRepository.swift in Sources */,
				E70000000000000000000010 /* HealthRepository.swift in Sources */,
				E70000000000000000000020 /* CategoriesRepository.swift in Sources */,
				E70000000000000000000021 /* TransactionsRepository.swift in Sources */,
				E70000000000000000000011 /* RemoteAPIClientTests.swift in Sources */,
				E70000000000000000000012 /* RemoteDTOTests.swift in Sources */,
				E70000000000000000000013 /* RemoteValueAndConfigurationTests.swift in Sources */,
				F70000000000000000000001 /* SupabaseAuthConfiguration.swift in Sources */,
				F70000000000000000000002 /* AppleNonce.swift in Sources */,
				F70000000000000000000003 /* SupabaseAuthModels.swift in Sources */,
				F70000000000000000000004 /* SupabaseSessionStore.swift in Sources */,
				F70000000000000000000005 /* SupabaseAuthClient.swift in Sources */,
				F70000000000000000000006 /* SupabaseAuthSessionCoordinator.swift in Sources */,
				F70000000000000000000007 /* SupabaseAuthService.swift in Sources */,
				F70000000000000000000008 /* AppleAuthorizationCredentialBuilder.swift in Sources */,
				E70000000000000000000028 /* AppLocalization.swift in Sources */,
				A10000010000000000000001 /* AppToast.swift in Sources */,
				A10000020000000000000001 /* AppToastCoordinator.swift in Sources */,
				F7000000000000000000000A /* SupabaseAuthTests.swift in Sources */,
				A10000040000000000000001 /* AppToastTests.swift in Sources */,
			);
			runOnlyForDeploymentPostprocessing = 0;
		};
/* End PBXSourcesBuildPhase section */

/* Begin XCBuildConfiguration section */
		5327D28F287C697C00F76ADF /* Debug */ = {
			isa = XCBuildConfiguration;
			buildSettings = {
				ALWAYS_SEARCH_USER_PATHS = NO;
				CLANG_ANALYZER_LOCALIZABILITY_NONLOCALIZED = YES;
				CLANG_ANALYZER_NONNULL = YES;
				CLANG_ANALYZER_NUMBER_OBJECT_CONVERSION = YES_AGGRESSIVE;
				CLANG_CXX_LANGUAGE_STANDARD = "gnu++17";
				CLANG_ENABLE_MODULES = YES;
				CLANG_ENABLE_OBJC_ARC = YES;
				CLANG_ENABLE_OBJC_WEAK = YES;
				CLANG_WARN_BLOCK_CAPTURE_AUTORELEASING = YES;
				CLANG_WARN_BOOL_CONVERSION = YES;
				CLANG_WARN_COMMA = YES;
				CLANG_WARN_CONSTANT_CONVERSION = YES;
				CLANG_WARN_DEPRECATED_OBJC_IMPLEMENTATIONS = YES;
				CLANG_WARN_DIRECT_OBJC_ISA_USAGE = YES_ERROR;
				CLANG_WARN_DOCUMENTATION_COMMENTS = YES;
				CLANG_WARN_EMPTY_BODY = YES;
				CLANG_WARN_ENUM_CONVERSION = YES;
				CLANG_WARN_INFINITE_RECURSION = YES;
				CLANG_WARN_INT_CONVERSION = YES;
				CLANG_WARN_NON_LITERAL_NULL_CONVERSION = YES;
				CLANG_WARN_OBJC_IMPLICIT_RETAIN_SELF = YES;
				CLANG_WARN_OBJC_LITERAL_CONVERSION = YES;
				CLANG_WARN_OBJC_ROOT_CLASS = YES_ERROR;
				CLANG_WARN_QUOTED_INCLUDE_IN_FRAMEWORK_HEADER = YES;
				CLANG_WARN_RANGE_LOOP_ANALYSIS = YES;
				CLANG_WARN_STRICT_PROTOTYPES = YES;
				CLANG_WARN_SUSPICIOUS_MOVE = YES;
				CLANG_WARN_UNGUARDED_AVAILABILITY = YES_AGGRESSIVE;
				CLANG_WARN_UNREACHABLE_CODE = YES;
				CLANG_WARN__DUPLICATE_METHOD_MATCH = YES;
				COPY_PHASE_STRIP = NO;
				DEBUG_INFORMATION_FORMAT = dwarf;
				ENABLE_STRICT_OBJC_MSGSEND = YES;
				ENABLE_TESTABILITY = YES;
				GCC_C_LANGUAGE_STANDARD = gnu11;
				GCC_DYNAMIC_NO_PIC = NO;
				GCC_NO_COMMON_BLOCKS = YES;
				GCC_OPTIMIZATION_LEVEL = 0;
				GCC_PREPROCESSOR_DEFINITIONS = (
					"DEBUG=1",
					"$(inherited)",
				);
				GCC_WARN_64_TO_32_BIT_CONVERSION = YES;
				GCC_WARN_ABOUT_RETURN_TYPE = YES_ERROR;
				GCC_WARN_UNDECLARED_SELECTOR = YES;
				GCC_WARN_UNINITIALIZED_AUTOS = YES_AGGRESSIVE;
				GCC_WARN_UNUSED_FUNCTION = YES;
				GCC_WARN_UNUSED_VARIABLE = YES;
				IPHONEOS_DEPLOYMENT_TARGET = 15.0;
				MTL_ENABLE_DEBUG_INFO = INCLUDE_SOURCE;
				MTL_FAST_MATH = YES;
				ONLY_ACTIVE_ARCH = YES;
				SDKROOT = iphoneos;
				SWIFT_ACTIVE_COMPILATION_CONDITIONS = DEBUG;
				SWIFT_OPTIMIZATION_LEVEL = "-Onone";
			};
			name = Debug;
		};
		5327D290287C697C00F76ADF /* Release */ = {
			isa = XCBuildConfiguration;
			buildSettings = {
				ALWAYS_SEARCH_USER_PATHS = NO;
				CLANG_ANALYZER_LOCALIZABILITY_NONLOCALIZED = YES;
				CLANG_ANALYZER_NONNULL = YES;
				CLANG_ANALYZER_NUMBER_OBJECT_CONVERSION = YES_AGGRESSIVE;
				CLANG_CXX_LANGUAGE_STANDARD = "gnu++17";
				CLANG_ENABLE_MODULES = YES;
				CLANG_ENABLE_OBJC_ARC = YES;
				CLANG_ENABLE_OBJC_WEAK = YES;
				CLANG_WARN_BLOCK_CAPTURE_AUTORELEASING = YES;
				CLANG_WARN_BOOL_CONVERSION = YES;
				CLANG_WARN_COMMA = YES;
				CLANG_WARN_CONSTANT_CONVERSION = YES;
				CLANG_WARN_DEPRECATED_OBJC_IMPLEMENTATIONS = YES;
				CLANG_WARN_DIRECT_OBJC_ISA_USAGE = YES_ERROR;
				CLANG_WARN_DOCUMENTATION_COMMENTS = YES;
				CLANG_WARN_EMPTY_BODY = YES;
				CLANG_WARN_ENUM_CONVERSION = YES;
				CLANG_WARN_INFINITE_RECURSION = YES;
				CLANG_WARN_INT_CONVERSION = YES;
				CLANG_WARN_NON_LITERAL_NULL_CONVERSION = YES;
				CLANG_WARN_OBJC_IMPLICIT_RETAIN_SELF = YES;
				CLANG_WARN_OBJC_LITERAL_CONVERSION = YES;
				CLANG_WARN_OBJC_ROOT_CLASS = YES_ERROR;
				CLANG_WARN_QUOTED_INCLUDE_IN_FRAMEWORK_HEADER = YES;
				CLANG_WARN_RANGE_LOOP_ANALYSIS = YES;
				CLANG_WARN_STRICT_PROTOTYPES = YES;
				CLANG_WARN_SUSPICIOUS_MOVE = YES;
				CLANG_WARN_UNGUARDED_AVAILABILITY = YES_AGGRESSIVE;
				CLANG_WARN_UNREACHABLE_CODE = YES;
				CLANG_WARN__DUPLICATE_METHOD_MATCH = YES;
				COPY_PHASE_STRIP = NO;
				DEBUG_INFORMATION_FORMAT = "dwarf-with-dsym";
				ENABLE_NS_ASSERTIONS = NO;
				ENABLE_STRICT_OBJC_MSGSEND = YES;
				GCC_C_LANGUAGE_STANDARD = gnu11;
				GCC_NO_COMMON_BLOCKS = YES;
				GCC_WARN_64_TO_32_BIT_CONVERSION = YES;
				GCC_WARN_ABOUT_RETURN_TYPE = YES_ERROR;
				GCC_WARN_UNDECLARED_SELECTOR = YES;
				GCC_WARN_UNINITIALIZED_AUTOS = YES_AGGRESSIVE;
				GCC_WARN_UNUSED_FUNCTION = YES;
				GCC_WARN_UNUSED_VARIABLE = YES;
				IPHONEOS_DEPLOYMENT_TARGET = 15.0;
				MTL_ENABLE_DEBUG_INFO = NO;
				MTL_FAST_MATH = YES;
				SDKROOT = iphoneos;
				SWIFT_COMPILATION_MODE = wholemodule;
				SWIFT_OPTIMIZATION_LEVEL = "-O";
				VALIDATE_PRODUCT = YES;
			};
			name = Release;
		};
		5327D292287C697C00F76ADF /* Debug */ = {
			isa = XCBuildConfiguration;
			buildSettings = {
				API_BASE_URL = "http://127.0.0.1:8000";
				SUPABASE_PUBLISHABLE_KEY = "sb_publishable_DXteK7EcBCMlMQ2DFkLq2g_uvD3tfPO";
				SUPABASE_URL = "https://tmqeaurgkmnfcnuzzoau.supabase.co";
				ALWAYS_EMBED_SWIFT_STANDARD_LIBRARIES = YES;
				ASSETCATALOG_COMPILER_APPICON_NAME = AppIcon;
				ASSETCATALOG_COMPILER_GLOBAL_ACCENT_COLOR_NAME = AccentColor;
				ASSETCATALOG_COMPILER_INCLUDE_ALL_APPICON_ASSETS = YES;
				CODE_SIGN_ENTITLEMENTS = Sa7tot/Sa7tot.entitlements;
				CODE_SIGN_STYLE = Automatic;
				CURRENT_PROJECT_VERSION = 1;
				DEVELOPMENT_ASSET_PATHS = "\"Sa7tot/Preview Content\"";
				DEVELOPMENT_TEAM = W8C6N7X8DR;
				ENABLE_PREVIEWS = YES;
				GENERATE_INFOPLIST_FILE = YES;
				INFOPLIST_FILE = Sa7tot/Info.plist;
				INFOPLIST_KEY_CFBundleDisplayName = Sa7tot;
				INFOPLIST_KEY_UIApplicationSceneManifest_Generation = YES;
				INFOPLIST_KEY_UIApplicationSupportsIndirectInputEvents = YES;
				INFOPLIST_KEY_UILaunchScreen_Generation = YES;
				INFOPLIST_KEY_UISupportedInterfaceOrientations = UIInterfaceOrientationPortrait;
				INFOPLIST_KEY_UISupportedInterfaceOrientations_iPad = "UIInterfaceOrientationLandscapeLeft UIInterfaceOrientationLandscapeRight UIInterfaceOrientationPortraitUpsideDown";
				LD_RUNPATH_SEARCH_PATHS = (
					"$(inherited)",
					"@executable_path/Frameworks",
				);
				MARKETING_VERSION = 2.1.4;
				PRODUCT_BUNDLE_IDENTIFIER = com.saied.sa7tot;
				PRODUCT_NAME = "$(TARGET_NAME)";
				SUPPORTED_PLATFORMS = "iphoneos iphonesimulator";
				SUPPORTS_MACCATALYST = NO;
				SUPPORTS_MAC_DESIGNED_FOR_IPHONE_IPAD = NO;
				SUPPORTS_XR_DESIGNED_FOR_IPHONE_IPAD = NO;
				SWIFT_EMIT_LOC_STRINGS = YES;
				SWIFT_VERSION = 5.0;
				TARGETED_DEVICE_FAMILY = 1;
			};
			name = Debug;
		};
		5327D293287C697C00F76ADF /* Release */ = {
			isa = XCBuildConfiguration;
			buildSettings = {
				SUPABASE_PUBLISHABLE_KEY = "sb_publishable_DXteK7EcBCMlMQ2DFkLq2g_uvD3tfPO";
				SUPABASE_URL = "https://tmqeaurgkmnfcnuzzoau.supabase.co";
				ALWAYS_EMBED_SWIFT_STANDARD_LIBRARIES = YES;
				ASSETCATALOG_COMPILER_APPICON_NAME = AppIcon;
				ASSETCATALOG_COMPILER_GLOBAL_ACCENT_COLOR_NAME = AccentColor;
				ASSETCATALOG_COMPILER_INCLUDE_ALL_APPICON_ASSETS = YES;
				CODE_SIGN_ENTITLEMENTS = Sa7tot/Sa7tot.entitlements;
				CODE_SIGN_STYLE = Automatic;
				CURRENT_PROJECT_VERSION = 1;
				DEVELOPMENT_ASSET_PATHS = "\"Sa7tot/Preview Content\"";
				DEVELOPMENT_TEAM = W8C6N7X8DR;
				ENABLE_PREVIEWS = YES;
				GENERATE_INFOPLIST_FILE = YES;
				INFOPLIST_FILE = Sa7tot/Info.plist;
				INFOPLIST_KEY_CFBundleDisplayName = Sa7tot;
				INFOPLIST_KEY_UIApplicationSceneManifest_Generation = YES;
				INFOPLIST_KEY_UIApplicationSupportsIndirectInputEvents = YES;
				INFOPLIST_KEY_UILaunchScreen_Generation = YES;
				INFOPLIST_KEY_UISupportedInterfaceOrientations = UIInterfaceOrientationPortrait;
				INFOPLIST_KEY_UISupportedInterfaceOrientations_iPad = "UIInterfaceOrientationLandscapeLeft UIInterfaceOrientationLandscapeRight UIInterfaceOrientationPortraitUpsideDown";
				LD_RUNPATH_SEARCH_PATHS = (
					"$(inherited)",
					"@executable_path/Frameworks",
				);
				MARKETING_VERSION = 2.1.4;
				PRODUCT_BUNDLE_IDENTIFIER = com.saied.sa7tot;
				PRODUCT_NAME = "$(TARGET_NAME)";
				SUPPORTED_PLATFORMS = "iphoneos iphonesimulator";
				SUPPORTS_MACCATALYST = NO;
				SUPPORTS_MAC_DESIGNED_FOR_IPHONE_IPAD = NO;
				SUPPORTS_XR_DESIGNED_FOR_IPHONE_IPAD = NO;
				SWIFT_EMIT_LOC_STRINGS = YES;
				SWIFT_VERSION = 5.0;
				TARGETED_DEVICE_FAMILY = 1;
			};
			name = Release;
		};
		53BC2A562A8B21920019E4A8 /* Debug */ = {
			isa = XCBuildConfiguration;
			buildSettings = {
				BUNDLE_LOADER = "$(TEST_HOST)";
				GENERATE_INFOPLIST_FILE = YES;
				IPHONEOS_DEPLOYMENT_TARGET = 15.0;
				PRODUCT_BUNDLE_IDENTIFIER = com.saied.sa7tot.tests;
				PRODUCT_NAME = "$(TARGET_NAME)";
				SDKROOT = iphoneos;
				SWIFT_VERSION = 5.0;
			};
			name = Debug;
		};
		53BC2A572A8B21920019E4A8 /* Release */ = {
			isa = XCBuildConfiguration;
			buildSettings = {
				GENERATE_INFOPLIST_FILE = YES;
				IPHONEOS_DEPLOYMENT_TARGET = 15.0;
				PRODUCT_BUNDLE_IDENTIFIER = com.saied.sa7tot.tests;
				PRODUCT_NAME = "$(TARGET_NAME)";
				SDKROOT = iphoneos;
				SWIFT_VERSION = 5.0;
			};
			name = Release;
		};
/* End XCBuildConfiguration section */

/* Begin XCConfigurationList section */
		5327D27E287C697400F76ADF /* Build configuration list for PBXProject "Sa7tot" */ = {
			isa = XCConfigurationList;
			buildConfigurations = (
				5327D28F287C697C00F76ADF /* Debug */,
				5327D290287C697C00F76ADF /* Release */,
			);
			defaultConfigurationIsVisible = 0;
			defaultConfigurationName = Release;
		};
		5327D291287C697C00F76ADF /* Build configuration list for PBXNativeTarget "Sa7tot" */ = {
			isa = XCConfigurationList;
			buildConfigurations = (
				5327D292287C697C00F76ADF /* Debug */,
				5327D293287C697C00F76ADF /* Release */,
			);
			defaultConfigurationIsVisible = 0;
			defaultConfigurationName = Release;
		};
		53BC2A532A8B21920019E4A8 /* Build configuration list for PBXNativeTarget "Sa7totTests" */ = {
			isa = XCConfigurationList;
			buildConfigurations = (
				53BC2A562A8B21920019E4A8 /* Debug */,
				53BC2A572A8B21920019E4A8 /* Release */,
			);
			defaultConfigurationIsVisible = 0;
			defaultConfigurationName = Release;
		};
/* End XCConfigurationList section */

/* Begin XCRemoteSwiftPackageReference section */
		5327D2E4287C6CC300F76ADF /* XCRemoteSwiftPackageReference "Popovers" */ = {
			isa = XCRemoteSwiftPackageReference;
			repositoryURL = "https://github.com/aheze/Popovers";
			requirement = {
				kind = upToNextMajorVersion;
				minimumVersion = 1.0.0;
			};
		};
		533A38F22AA49E0100F66957 /* XCRemoteSwiftPackageReference "Alamofire" */ = {
			isa = XCRemoteSwiftPackageReference;
			repositoryURL = "https://github.com/Alamofire/Alamofire";
			requirement = {
				kind = upToNextMajorVersion;
				minimumVersion = 5.8.0;
			};
		};
		538D10732A5AB7E7008F1AFB /* XCRemoteSwiftPackageReference "IsScrolling" */ = {
			isa = XCRemoteSwiftPackageReference;
			repositoryURL = "https://github.com/fatbobman/IsScrolling.git";
			requirement = {
				kind = upToNextMajorVersion;
				minimumVersion = 1.1.2;
			};
		};
		53A4147E28B7DA4C008C30E7 /* XCRemoteSwiftPackageReference "ConfettiSwiftUI" */ = {
			isa = XCRemoteSwiftPackageReference;
			repositoryURL = "https://github.com/simibac/ConfettiSwiftUI";
			requirement = {
				kind = upToNextMajorVersion;
				minimumVersion = 1.0.0;
			};
		};
		53B1D1A6289A60D500E28062 /* XCRemoteSwiftPackageReference "CrookedText" */ = {
			isa = XCRemoteSwiftPackageReference;
			repositoryURL = "https://github.com/duemunk/CrookedText";
			requirement = {
				kind = upToNextMajorVersion;
				minimumVersion = 0.0.1;
			};
		};
		D6A4DE1E2D61744400F7F751 /* XCRemoteSwiftPackageReference "SwiftUI-Introspect" */ = {
			isa = XCRemoteSwiftPackageReference;
			repositoryURL = "https://github.com/siteline/SwiftUI-Introspect";
			requirement = {
				kind = upToNextMajorVersion;
				minimumVersion = 1.0.0;
			};
		};
		F00300070000000000000002 /* XCRemoteSwiftPackageReference "lottie-ios" */ = {
			isa = XCRemoteSwiftPackageReference;
			repositoryURL = "https://github.com/airbnb/lottie-ios.git";
			requirement = {
				kind = upToNextMajorVersion;
				minimumVersion = 4.5.0;
			};
		};
/* End XCRemoteSwiftPackageReference section */

/* Begin XCSwiftPackageProductDependency section */
		5327D2E5287C6CC300F76ADF /* Popovers */ = {
			isa = XCSwiftPackageProductDependency;
			package = 5327D2E4287C6CC300F76ADF /* XCRemoteSwiftPackageReference "Popovers" */;
			productName = Popovers;
		};
		533A38F32AA49E5900F66957 /* Alamofire */ = {
			isa = XCSwiftPackageProductDependency;
			package = 533A38F22AA49E0100F66957 /* XCRemoteSwiftPackageReference "Alamofire" */;
			productName = Alamofire;
		};
		538D10742A5AB7E7008F1AFB /* IsScrolling */ = {
			isa = XCSwiftPackageProductDependency;
			package = 538D10732A5AB7E7008F1AFB /* XCRemoteSwiftPackageReference "IsScrolling" */;
			productName = IsScrolling;
		};
		53A4147F28B7DA4C008C30E7 /* ConfettiSwiftUI */ = {
			isa = XCSwiftPackageProductDependency;
			package = 53A4147E28B7DA4C008C30E7 /* XCRemoteSwiftPackageReference "ConfettiSwiftUI" */;
			productName = ConfettiSwiftUI;
		};
		53B1D1A7289A60D500E28062 /* CrookedText */ = {
			isa = XCSwiftPackageProductDependency;
			package = 53B1D1A6289A60D500E28062 /* XCRemoteSwiftPackageReference "CrookedText" */;
			productName = CrookedText;
		};
		D6A4DE1F2D61744400F7F751 /* SwiftUIIntrospect */ = {
			isa = XCSwiftPackageProductDependency;
			package = D6A4DE1E2D61744400F7F751 /* XCRemoteSwiftPackageReference "SwiftUI-Introspect" */;
			productName = SwiftUIIntrospect;
		};
		D6A4DE232D61744400F7F751 /* SwiftUIIntrospect-Static */ = {
			isa = XCSwiftPackageProductDependency;
			package = D6A4DE1E2D61744400F7F751 /* XCRemoteSwiftPackageReference "SwiftUI-Introspect" */;
			productName = "SwiftUIIntrospect-Static";
		};
		F00300080000000000000001 /* Lottie */ = {
			isa = XCSwiftPackageProductDependency;
			package = F00300070000000000000002 /* XCRemoteSwiftPackageReference "lottie-ios" */;
			productName = Lottie;
		};
/* End XCSwiftPackageProductDependency section */

/* Begin XCVersionGroup section */
/* End XCVersionGroup section */
	};
	rootObject = 5327D27B287C697400F76ADF /* Project object */;
}
